
Microsoft Visual Studio Solution File, Format Version 12.00
# Visual Studio 14
VisualStudioVersion = 14.0.25420.1
MinimumVisualStudioVersion = 10.0.40219.1
Project("{FAE04EC0-301F-11D3-BF4B-00C04F79EFBC}") = "Rox.Xamarin.Camera.Sample.Portable", "Sample\Portable\Rox.Xamarin.Camera.Sample.Portable.csproj", "{79559D2A-4E19-40F1-A3DC-A5C6B4628881}"
EndProject
Project("{FAE04EC0-301F-11D3-BF4B-00C04F79EFBC}") = "Rox.Xamarin.Camera.Sample.Android", "Sample\Android\Rox.Xamarin.Camera.Sample.Android.csproj", "{1E830D3F-CD8B-4278-A76B-6D71B154281B}"
EndProject
Project("{FAE04EC0-301F-11D3-BF4B-00C04F79EFBC}") = "Rox.Xamarin.Camera.Sample.Ios", "Sample\Ios\Rox.Xamarin.Camera.Sample.Ios.csproj", "{AD2DFB35-7BD0-40B0-99BD-6EF823248E90}"
EndProject
Project("{FAE04EC0-301F-11D3-BF4B-00C04F79EFBC}") = "Rox.Xamarin.Camera.Sample.Uwp", "Sample\Uwp\Rox.Xamarin.Camera.Sample.Uwp.csproj", "{03247097-1847-49A5-AFBB-F173D6B17BD7}"
EndProject
Global
	GlobalSection(SolutionConfigurationPlatforms) = preSolution
		Ad-Hoc|Any CPU = Ad-Hoc|Any CPU
		Ad-Hoc|ARM = Ad-Hoc|ARM
		Ad-Hoc|iPhone = Ad-Hoc|iPhone
		Ad-Hoc|iPhoneSimulator = Ad-Hoc|iPhoneSimulator
		Ad-Hoc|x64 = Ad-Hoc|x64
		Ad-Hoc|x86 = Ad-Hoc|x86
		AppStore|Any CPU = AppStore|Any CPU
		AppStore|ARM = AppStore|ARM
		AppStore|iPhone = AppStore|iPhone
		AppStore|iPhoneSimulator = AppStore|iPhoneSimulator
		AppStore|x64 = AppStore|x64
		AppStore|x86 = AppStore|x86
		Debug|Any CPU = Debug|Any CPU
		Debug|ARM = Debug|ARM
		Debug|iPhone = Debug|iPhone
		Debug|iPhoneSimulator = Debug|iPhoneSimulator
		Debug|x64 = Debug|x64
		Debug|x86 = Debug|x86
		Release|Any CPU = Release|Any CPU
		Release|ARM = Release|ARM
		Release|iPhone = Release|iPhone
		Release|iPhoneSimulator = Release|iPhoneSimulator
		Release|x64 = Release|x64
		Release|x86 = Release|x86
	EndGlobalSection
	GlobalSection(ProjectConfigurationPlatforms) = postSolution
		{79559D2A-4E19-40F1-A3DC-A5C6B4628881}.Ad-Hoc|Any CPU.ActiveCfg = Release|Any CPU
		{79559D2A-4E19-40F1-A3DC-A5C6B4628881}.Ad-Hoc|Any CPU.Build.0 = Release|Any CPU
		{79559D2A-4E19-40F1-A3DC-A5C6B4628881}.Ad-Hoc|ARM.ActiveCfg = Release|Any CPU
		{79559D2A-4E19-40F1-A3DC-A5C6B4628881}.Ad-Hoc|ARM.Build.0 = Release|Any CPU
		{79559D2A-4E19-40F1-A3DC-A5C6B4628881}.Ad-Hoc|iPhone.ActiveCfg = Release|Any CPU
		{79559D2A-4E19-40F1-A3DC-A5C6B4628881}.Ad-Hoc|iPhone.Build.0 = Release|Any CPU
		{79559D2A-4E19-40F1-A3DC-A5C6B4628881}.Ad-Hoc|iPhoneSimulator.ActiveCfg = Release|Any CPU
		{79559D2A-4E19-40F1-A3DC-A5C6B4628881}.Ad-Hoc|iPhoneSimulator.Build.0 = Release|Any CPU
		{79559D2A-4E19-40F1-A3DC-A5C6B4628881}.Ad-Hoc|x64.ActiveCfg = Release|Any CPU
		{79559D2A-4E19-40F1-A3DC-A5C6B4628881}.Ad-Hoc|x64.Build.0 = Release|Any CPU
		{79559D2A-4E19-40F1-A3DC-A5C6B4628881}.Ad-Hoc|x86.ActiveCfg = Release|Any CPU
		{79559D2A-4E19-40F1-A3DC-A5C6B4628881}.Ad-Hoc|x86.Build.0 = Release|Any CPU
		{79559D2A-4E19-40F1-A3DC-A5C6B4628881}.AppStore|Any CPU.ActiveCfg = Release|Any CPU
		{79559D2A-4E19-40F1-A3DC-A5C6B4628881}.AppStore|Any CPU.Build.0 = Release|Any CPU
		{79559D2A-4E19-40F1-A3DC-A5C6B4628881}.AppStore|ARM.ActiveCfg = Release|Any CPU
		{79559D2A-4E19-40F1-A3DC-A5C6B4628881}.AppStore|ARM.Build.0 = Release|Any CPU
		{79559D2A-4E19-40F1-A3DC-A5C6B4628881}.AppStore|iPhone.ActiveCfg = Release|Any CPU
		{79559D2A-4E19-40F1-A3DC-A5C6B4628881}.AppStore|iPhone.Build.0 = Release|Any CPU
		{79559D2A-4E19-40F1-A3DC-A5C6B4628881}.AppStore|iPhoneSimulator.ActiveCfg = Release|Any CPU
		{79559D2A-4E19-40F1-A3DC-A5C6B4628881}.AppStore|iPhoneSimulator.Build.0 = Release|Any CPU
		{79559D2A-4E19-40F1-A3DC-A5C6B4628881}.AppStore|x64.ActiveCfg = Release|Any CPU
		{79559D2A-4E19-40F1-A3DC-A5C6B4628881}.AppStore|x64.Build.0 = Release|Any CPU
		{79559D2A-4E19-40F1-A3DC-A5C6B4628881}.AppStore|x86.ActiveCfg = Release|Any CPU
		{79559D2A-4E19-40F1-A3DC-A5C6B4628881}.AppStore|x86.Build.0 = Release|Any CPU
		{79559D2A-4E19-40F1-A3DC-A5C6B4628881}.Debug|Any CPU.ActiveCfg = Debug|Any CPU
		{79559D2A-4E19-40F1-A3DC-A5C6B4628881}.Debug|Any CPU.Build.0 = Debug|Any CPU
		{79559D2A-4E19-40F1-A3DC-A5C6B4628881}.Debug|ARM.ActiveCfg = Debug|Any CPU
		{79559D2A-4E19-40F1-A3DC-A5C6B4628881}.Debug|ARM.Build.0 = Debug|Any CPU
		{79559D2A-4E19-40F1-A3DC-A5C6B4628881}.Debug|iPhone.ActiveCfg = Debug|Any CPU
		{79559D2A-4E19-40F1-A3DC-A5C6B4628881}.Debug|iPhone.Build.0 = Debug|Any CPU
		{79559D2A-4E19-40F1-A3DC-A5C6B4628881}.Debug|iPhoneSimulator.ActiveCfg = Debug|Any CPU
		{79559D2A-4E19-40F1-A3DC-A5C6B4628881}.Debug|iPhoneSimulator.Build.0 = Debug|Any CPU
		{79559D2A-4E19-40F1-A3DC-A5C6B4628881}.Debug|x64.ActiveCfg = Debug|Any CPU
		{79559D2A-4E19-40F1-A3DC-A5C6B4628881}.Debug|x64.Build.0 = Debug|Any CPU
		{79559D2A-4E19-40F1-A3DC-A5C6B4628881}.Debug|x86.ActiveCfg = Debug|Any CPU
		{79559D2A-4E19-40F1-A3DC-A5C6B4628881}.Debug|x86.Build.0 = Debug|Any CPU
		{79559D2A-4E19-40F1-A3DC-A5C6B4628881}.Release|Any CPU.ActiveCfg = Release|Any CPU
		{79559D2A-4E19-40F1-A3DC-A5C6B4628881}.Release|Any CPU.Build.0 = Release|Any CPU
		{79559D2A-4E19-40F1-A3DC-A5C6B4628881}.Release|ARM.ActiveCfg = Release|Any CPU
		{79559D2A-4E19-40F1-A3DC-A5C6B4628881}.Release|ARM.Build.0 = Release|Any CPU
		{79559D2A-4E19-40F1-A3DC-A5C6B4628881}.Release|iPhone.ActiveCfg = Release|Any CPU
		{79559D2A-4E19-40F1-A3DC-A5C6B4628881}.Release|iPhone.Build.0 = Release|Any CPU
		{79559D2A-4E19-40F1-A3DC-A5C6B4628881}.Release|iPhoneSimulator.ActiveCfg = Release|Any CPU
		{79559D2A-4E19-40F1-A3DC-A5C6B4628881}.Release|iPhoneSimulator.Build.0 = Release|Any CPU
		{79559D2A-4E19-40F1-A3DC-A5C6B4628881}.Release|x64.ActiveCfg = Release|Any CPU
		{79559D2A-4E19-40F1-A3DC-A5C6B4628881}.Release|x64.Build.0 = Release|Any CPU
		{79559D2A-4E19-40F1-A3DC-A5C6B4628881}.Release|x86.ActiveCfg = Release|Any CPU
		{79559D2A-4E19-40F1-A3DC-A5C6B4628881}.Release|x86.Build.0 = Release|Any CPU
		{1E830D3F-CD8B-4278-A76B-6D71B154281B}.Ad-Hoc|Any CPU.ActiveCfg = Release|Any CPU
		{1E830D3F-CD8B-4278-A76B-6D71B154281B}.Ad-Hoc|Any CPU.Build.0 = Release|Any CPU
		{1E830D3F-CD8B-4278-A76B-6D71B154281B}.Ad-Hoc|Any CPU.Deploy.0 = Release|Any CPU
		{1E830D3F-CD8B-4278-A76B-6D71B154281B}.Ad-Hoc|ARM.ActiveCfg = Release|Any CPU
		{1E830D3F-CD8B-4278-A76B-6D71B154281B}.Ad-Hoc|ARM.Build.0 = Release|Any CPU
		{1E830D3F-CD8B-4278-A76B-6D71B154281B}.Ad-Hoc|ARM.Deploy.0 = Release|Any CPU
		{1E830D3F-CD8B-4278-A76B-6D71B154281B}.Ad-Hoc|iPhone.ActiveCfg = Release|Any CPU
		{1E830D3F-CD8B-4278-A76B-6D71B154281B}.Ad-Hoc|iPhone.Build.0 = Release|Any CPU
		{1E830D3F-CD8B-4278-A76B-6D71B154281B}.Ad-Hoc|iPhone.Deploy.0 = Release|Any CPU
		{1E830D3F-CD8B-4278-A76B-6D71B154281B}.Ad-Hoc|iPhoneSimulator.ActiveCfg = Release|Any CPU
		{1E830D3F-CD8B-4278-A76B-6D71B154281B}.Ad-Hoc|iPhoneSimulator.Build.0 = Release|Any CPU
		{1E830D3F-CD8B-4278-A76B-6D71B154281B}.Ad-Hoc|iPhoneSimulator.Deploy.0 = Release|Any CPU
		{1E830D3F-CD8B-4278-A76B-6D71B154281B}.Ad-Hoc|x64.ActiveCfg = Release|Any CPU
		{1E830D3F-CD8B-4278-A76B-6D71B154281B}.Ad-Hoc|x64.Build.0 = Release|Any CPU
		{1E830D3F-CD8B-4278-A76B-6D71B154281B}.Ad-Hoc|x64.Deploy.0 = Release|Any CPU
		{1E830D3F-CD8B-4278-A76B-6D71B154281B}.Ad-Hoc|x86.ActiveCfg = Release|Any CPU
		{1E830D3F-CD8B-4278-A76B-6D71B154281B}.Ad-Hoc|x86.Build.0 = Release|Any CPU
		{1E830D3F-CD8B-4278-A76B-6D71B154281B}.Ad-Hoc|x86.Deploy.0 = Release|Any CPU
		{1E830D3F-CD8B-4278-A76B-6D71B154281B}.AppStore|Any CPU.ActiveCfg = Release|Any CPU
		{1E830D3F-CD8B-4278-A76B-6D71B154281B}.AppStore|Any CPU.Build.0 = Release|Any CPU
		{1E830D3F-CD8B-4278-A76B-6D71B154281B}.AppStore|Any CPU.Deploy.0 = Release|Any CPU
		{1E830D3F-CD8B-4278-A76B-6D71B154281B}.AppStore|ARM.ActiveCfg = Release|Any CPU
		{1E830D3F-CD8B-4278-A76B-6D71B154281B}.AppStore|ARM.Build.0 = Release|Any CPU
		{1E830D3F-CD8B-4278-A76B-6D71B154281B}.AppStore|ARM.Deploy.0 = Release|Any CPU
		{1E830D3F-CD8B-4278-A76B-6D71B154281B}.AppStore|iPhone.ActiveCfg = Release|Any CPU
		{1E830D3F-CD8B-4278-A76B-6D71B154281B}.AppStore|iPhone.Build.0 = Release|Any CPU
		{1E830D3F-CD8B-4278-A76B-6D71B154281B}.AppStore|iPhone.Deploy.0 = Release|Any CPU
		{1E830D3F-CD8B-4278-A76B-6D71B154281B}.AppStore|iPhoneSimulator.ActiveCfg = Release|Any CPU
		{1E830D3F-CD8B-4278-A76B-6D71B154281B}.AppStore|iPhoneSimulator.Build.0 = Release|Any CPU
		{1E830D3F-CD8B-4278-A76B-6D71B154281B}.AppStore|iPhoneSimulator.Deploy.0 = Release|Any CPU
		{1E830D3F-CD8B-4278-A76B-6D71B154281B}.AppStore|x64.ActiveCfg = Release|Any CPU
		{1E830D3F-CD8B-4278-A76B-6D71B154281B}.AppStore|x64.Build.0 = Release|Any CPU
		{1E830D3F-CD8B-4278-A76B-6D71B154281B}.AppStore|x64.Deploy.0 = Release|Any CPU
		{1E830D3F-CD8B-4278-A76B-6D71B154281B}.AppStore|x86.ActiveCfg = Release|Any CPU
		{1E830D3F-CD8B-4278-A76B-6D71B154281B}.AppStore|x86.Build.0 = Release|Any CPU
		{1E830D3F-CD8B-4278-A76B-6D71B154281B}.AppStore|x86.Deploy.0 = Release|Any CPU
		{1E830D3F-CD8B-4278-A76B-6D71B154281B}.Debug|Any CPU.ActiveCfg = Debug|Any CPU
		{1E830D3F-CD8B-4278-A76B-6D71B154281B}.Debug|Any CPU.Build.0 = Debug|Any CPU
		{1E830D3F-CD8B-4278-A76B-6D71B154281B}.Debug|Any CPU.Deploy.0 = Debug|Any CPU
		{1E830D3F-CD8B-4278-A76B-6D71B154281B}.Debug|ARM.ActiveCfg = Debug|Any CPU
		{1E830D3F-CD8B-4278-A76B-6D71B154281B}.Debug|ARM.Build.0 = Debug|Any CPU
		{1E830D3F-CD8B-4278-A76B-6D71B154281B}.Debug|ARM.Deploy.0 = Debug|Any CPU
		{1E830D3F-CD8B-4278-A76B-6D71B154281B}.Debug|iPhone.ActiveCfg = Debug|Any CPU
		{1E830D3F-CD8B-4278-A76B-6D71B154281B}.Debug|iPhone.Build.0 = Debug|Any CPU
		{1E830D3F-CD8B-4278-A76B-6D71B154281B}.Debug|iPhone.Deploy.0 = Debug|Any CPU
		{1E830D3F-CD8B-4278-A76B-6D71B154281B}.Debug|iPhoneSimulator.ActiveCfg = Debug|Any CPU
		{1E830D3F-CD8B-4278-A76B-6D71B154281B}.Debug|iPhoneSimulator.Build.0 = Debug|Any CPU
		{1E830D3F-CD8B-4278-A76B-6D71B154281B}.Debug|iPhoneSimulator.Deploy.0 = Debug|Any CPU
		{1E830D3F-CD8B-4278-A76B-6D71B154281B}.Debug|x64.ActiveCfg = Debug|Any CPU
		{1E830D3F-CD8B-4278-A76B-6D71B154281B}.Debug|x64.Build.0 = Debug|Any CPU
		{1E830D3F-CD8B-4278-A76B-6D71B154281B}.Debug|x64.Deploy.0 = Debug|Any CPU
		{1E830D3F-CD8B-4278-A76B-6D71B154281B}.Debug|x86.ActiveCfg = Debug|Any CPU
		{1E830D3F-CD8B-4278-A76B-6D71B154281B}.Debug|x86.Build.0 = Debug|Any CPU
		{1E830D3F-CD8B-4278-A76B-6D71B154281B}.Debug|x86.Deploy.0 = Debug|Any CPU
		{1E830D3F-CD8B-4278-A76B-6D71B154281B}.Release|Any CPU.ActiveCfg = Release|Any CPU
		{1E830D3F-CD8B-4278-A76B-6D71B154281B}.Release|Any CPU.Build.0 = Release|Any CPU
		{1E830D3F-CD8B-4278-A76B-6D71B154281B}.Release|Any CPU.Deploy.0 = Release|Any CPU
		{1E830D3F-CD8B-4278-A76B-6D71B154281B}.Release|ARM.ActiveCfg = Release|Any CPU
		{1E830D3F-CD8B-4278-A76B-6D71B154281B}.Release|ARM.Build.0 = Release|Any CPU
		{1E830D3F-CD8B-4278-A76B-6D71B154281B}.Release|ARM.Deploy.0 = Release|Any CPU
		{1E830D3F-CD8B-4278-A76B-6D71B154281B}.Release|iPhone.ActiveCfg = Release|Any CPU
		{1E830D3F-CD8B-4278-A76B-6D71B154281B}.Release|iPhone.Build.0 = Release|Any CPU
		{1E830D3F-CD8B-4278-A76B-6D71B154281B}.Release|iPhone.Deploy.0 = Release|Any CPU
		{1E830D3F-CD8B-4278-A76B-6D71B154281B}.Release|iPhoneSimulator.ActiveCfg = Release|Any CPU
		{1E830D3F-CD8B-4278-A76B-6D71B154281B}.Release|iPhoneSimulator.Build.0 = Release|Any CPU
		{1E830D3F-CD8B-4278-A76B-6D71B154281B}.Release|iPhoneSimulator.Deploy.0 = Release|Any CPU
		{1E830D3F-CD8B-4278-A76B-6D71B154281B}.Release|x64.ActiveCfg = Release|Any CPU
		{1E830D3F-CD8B-4278-A76B-6D71B154281B}.Release|x64.Build.0 = Release|Any CPU
		{1E830D3F-CD8B-4278-A76B-6D71B154281B}.Release|x64.Deploy.0 = Release|Any CPU
		{1E830D3F-CD8B-4278-A76B-6D71B154281B}.Release|x86.ActiveCfg = Release|Any CPU
		{1E830D3F-CD8B-4278-A76B-6D71B154281B}.Release|x86.Build.0 = Release|Any CPU
		{1E830D3F-CD8B-4278-A76B-6D71B154281B}.Release|x86.Deploy.0 = Release|Any CPU
		{AD2DFB35-7BD0-40B0-99BD-6EF823248E90}.Ad-Hoc|Any CPU.ActiveCfg = Ad-Hoc|iPhone
		{AD2DFB35-7BD0-40B0-99BD-6EF823248E90}.Ad-Hoc|ARM.ActiveCfg = Ad-Hoc|iPhone
		{AD2DFB35-7BD0-40B0-99BD-6EF823248E90}.Ad-Hoc|iPhone.ActiveCfg = Ad-Hoc|iPhone
		{AD2DFB35-7BD0-40B0-99BD-6EF823248E90}.Ad-Hoc|iPhone.Build.0 = Ad-Hoc|iPhone
		{AD2DFB35-7BD0-40B0-99BD-6EF823248E90}.Ad-Hoc|iPhoneSimulator.ActiveCfg = Ad-Hoc|iPhoneSimulator
		{AD2DFB35-7BD0-40B0-99BD-6EF823248E90}.Ad-Hoc|iPhoneSimulator.Build.0 = Ad-Hoc|iPhoneSimulator
		{AD2DFB35-7BD0-40B0-99BD-6EF823248E90}.Ad-Hoc|x64.ActiveCfg = Ad-Hoc|iPhone
		{AD2DFB35-7BD0-40B0-99BD-6EF823248E90}.Ad-Hoc|x86.ActiveCfg = Ad-Hoc|iPhone
		{AD2DFB35-7BD0-40B0-99BD-6EF823248E90}.AppStore|Any CPU.ActiveCfg = AppStore|iPhone
		{AD2DFB35-7BD0-40B0-99BD-6EF823248E90}.AppStore|ARM.ActiveCfg = AppStore|iPhone
		{AD2DFB35-7BD0-40B0-99BD-6EF823248E90}.AppStore|iPhone.ActiveCfg = AppStore|iPhone
		{AD2DFB35-7BD0-40B0-99BD-6EF823248E90}.AppStore|iPhone.Build.0 = AppStore|iPhone
		{AD2DFB35-7BD0-40B0-99BD-6EF823248E90}.AppStore|iPhoneSimulator.ActiveCfg = AppStore|iPhoneSimulator
		{AD2DFB35-7BD0-40B0-99BD-6EF823248E90}.AppStore|iPhoneSimulator.Build.0 = AppStore|iPhoneSimulator
		{AD2DFB35-7BD0-40B0-99BD-6EF823248E90}.AppStore|x64.ActiveCfg = AppStore|iPhone
		{AD2DFB35-7BD0-40B0-99BD-6EF823248E90}.AppStore|x86.ActiveCfg = AppStore|iPhone
		{AD2DFB35-7BD0-40B0-99BD-6EF823248E90}.Debug|Any CPU.ActiveCfg = Debug|iPhone
		{AD2DFB35-7BD0-40B0-99BD-6EF823248E90}.Debug|ARM.ActiveCfg = Debug|iPhone
		{AD2DFB35-7BD0-40B0-99BD-6EF823248E90}.Debug|iPhone.ActiveCfg = Debug|iPhone
		{AD2DFB35-7BD0-40B0-99BD-6EF823248E90}.Debug|iPhone.Build.0 = Debug|iPhone
		{AD2DFB35-7BD0-40B0-99BD-6EF823248E90}.Debug|iPhoneSimulator.ActiveCfg = Debug|iPhoneSimulator
		{AD2DFB35-7BD0-40B0-99BD-6EF823248E90}.Debug|iPhoneSimulator.Build.0 = Debug|iPhoneSimulator
		{AD2DFB35-7BD0-40B0-99BD-6EF823248E90}.Debug|x64.ActiveCfg = Debug|iPhone
		{AD2DFB35-7BD0-40B0-99BD-6EF823248E90}.Debug|x86.ActiveCfg = Debug|iPhone
		{AD2DFB35-7BD0-40B0-99BD-6EF823248E90}.Release|Any CPU.ActiveCfg = Release|iPhone
		{AD2DFB35-7BD0-40B0-99BD-6EF823248E90}.Release|ARM.ActiveCfg = Release|iPhone
		{AD2DFB35-7BD0-40B0-99BD-6EF823248E90}.Release|iPhone.ActiveCfg = Release|iPhone
		{AD2DFB35-7BD0-40B0-99BD-6EF823248E90}.Release|iPhone.Build.0 = Release|iPhone
		{AD2DFB35-7BD0-40B0-99BD-6EF823248E90}.Release|iPhoneSimulator.ActiveCfg = Release|iPhoneSimulator
		{AD2DFB35-7BD0-40B0-99BD-6EF823248E90}.Release|iPhoneSimulator.Build.0 = Release|iPhoneSimulator
		{AD2DFB35-7BD0-40B0-99BD-6EF823248E90}.Release|x64.ActiveCfg = Release|iPhone
		{AD2DFB35-7BD0-40B0-99BD-6EF823248E90}.Release|x86.ActiveCfg = Release|iPhone
		{03247097-1847-49A5-AFBB-F173D6B17BD7}.Ad-Hoc|Any CPU.ActiveCfg = Release|x86
		{03247097-1847-49A5-AFBB-F173D6B17BD7}.Ad-Hoc|Any CPU.Build.0 = Release|x86
		{03247097-1847-49A5-AFBB-F173D6B17BD7}.Ad-Hoc|Any CPU.Deploy.0 = Release|x86
		{03247097-1847-49A5-AFBB-F173D6B17BD7}.Ad-Hoc|ARM.ActiveCfg = Release|ARM
		{03247097-1847-49A5-AFBB-F173D6B17BD7}.Ad-Hoc|ARM.Build.0 = Release|ARM
		{03247097-1847-49A5-AFBB-F173D6B17BD7}.Ad-Hoc|ARM.Deploy.0 = Release|ARM
		{03247097-1847-49A5-AFBB-F173D6B17BD7}.Ad-Hoc|iPhone.ActiveCfg = Release|x86
		{03247097-1847-49A5-AFBB-F173D6B17BD7}.Ad-Hoc|iPhone.Build.0 = Release|x86
		{03247097-1847-49A5-AFBB-F173D6B17BD7}.Ad-Hoc|iPhone.Deploy.0 = Release|x86
		{03247097-1847-49A5-AFBB-F173D6B17BD7}.Ad-Hoc|iPhoneSimulator.ActiveCfg = Release|x86
		{03247097-1847-49A5-AFBB-F173D6B17BD7}.Ad-Hoc|iPhoneSimulator.Build.0 = Release|x86
		{03247097-1847-49A5-AFBB-F173D6B17BD7}.Ad-Hoc|iPhoneSimulator.Deploy.0 = Release|x86
		{03247097-1847-49A5-AFBB-F173D6B17BD7}.Ad-Hoc|x64.ActiveCfg = Release|x64
		{03247097-1847-49A5-AFBB-F173D6B17BD7}.Ad-Hoc|x64.Build.0 = Release|x64
		{03247097-1847-49A5-AFBB-F173D6B17BD7}.Ad-Hoc|x64.Deploy.0 = Release|x64
		{03247097-1847-49A5-AFBB-F173D6B17BD7}.Ad-Hoc|x86.ActiveCfg = Release|x86
		{03247097-1847-49A5-AFBB-F173D6B17BD7}.Ad-Hoc|x86.Build.0 = Release|x86
		{03247097-1847-49A5-AFBB-F173D6B17BD7}.Ad-Hoc|x86.Deploy.0 = Release|x86
		{03247097-1847-49A5-AFBB-F173D6B17BD7}.AppStore|Any CPU.ActiveCfg = Release|x86
		{03247097-1847-49A5-AFBB-F173D6B17BD7}.AppStore|Any CPU.Build.0 = Release|x86
		{03247097-1847-49A5-AFBB-F173D6B17BD7}.AppStore|Any CPU.Deploy.0 = Release|x86
		{03247097-1847-49A5-AFBB-F173D6B17BD7}.AppStore|ARM.ActiveCfg = Release|ARM
		{03247097-1847-49A5-AFBB-F173D6B17BD7}.AppStore|ARM.Build.0 = Release|ARM
		{03247097-1847-49A5-AFBB-F173D6B17BD7}.AppStore|ARM.Deploy.0 = Release|ARM
		{03247097-1847-49A5-AFBB-F173D6B17BD7}.AppStore|iPhone.ActiveCfg = Release|x86
		{03247097-1847-49A5-AFBB-F173D6B17BD7}.AppStore|iPhone.Build.0 = Release|x86
		{03247097-1847-49A5-AFBB-F173D6B17BD7}.AppStore|iPhone.Deploy.0 = Release|x86
		{03247097-1847-49A5-AFBB-F173D6B17BD7}.AppStore|iPhoneSimulator.ActiveCfg = Release|x86
		{03247097-1847-49A5-AFBB-F173D6B17BD7}.AppStore|iPhoneSimulator.Build.0 = Release|x86
		{03247097-1847-49A5-AFBB-F173D6B17BD7}.AppStore|iPhoneSimulator.Deploy.0 = Release|x86
		{03247097-1847-49A5-AFBB-F173D6B17BD7}.AppStore|x64.ActiveCfg = Release|x64
		{03247097-1847-49A5-AFBB-F173D6B17BD7}.AppStore|x64.Build.0 = Release|x64
		{03247097-1847-49A5-AFBB-F173D6B17BD7}.AppStore|x64.Deploy.0 = Release|x64
		{03247097-1847-49A5-AFBB-F173D6B17BD7}.AppStore|x86.ActiveCfg = Release|x86
		{03247097-1847-49A5-AFBB-F173D6B17BD7}.AppStore|x86.Build.0 = Release|x86
		{03247097-1847-49A5-AFBB-F173D6B17BD7}.AppStore|x86.Deploy.0 = Release|x86
		{03247097-1847-49A5-AFBB-F173D6B17BD7}.Debug|Any CPU.ActiveCfg = Debug|x86
		{03247097-1847-49A5-AFBB-F173D6B17BD7}.Debug|ARM.ActiveCfg = Debug|ARM
		{03247097-1847-49A5-AFBB-F173D6B17BD7}.Debug|ARM.Build.0 = Debug|ARM
		{03247097-1847-49A5-AFBB-F173D6B17BD7}.Debug|ARM.Deploy.0 = Debug|ARM
		{03247097-1847-49A5-AFBB-F173D6B17BD7}.Debug|iPhone.ActiveCfg = Debug|x86
		{03247097-1847-49A5-AFBB-F173D6B17BD7}.Debug|iPhoneSimulator.ActiveCfg = Debug|x86
		{03247097-1847-49A5-AFBB-F173D6B17BD7}.Debug|x64.ActiveCfg = Debug|x64
		{03247097-1847-49A5-AFBB-F173D6B17BD7}.Debug|x64.Build.0 = Debug|x64
		{03247097-1847-49A5-AFBB-F173D6B17BD7}.Debug|x64.Deploy.0 = Debug|x64
		{03247097-1847-49A5-AFBB-F173D6B17BD7}.Debug|x86.ActiveCfg = Debug|x86
		{03247097-1847-49A5-AFBB-F173D6B17BD7}.Debug|x86.Build.0 = Debug|x86
		{03247097-1847-49A5-AFBB-F173D6B17BD7}.Debug|x86.Deploy.0 = Debug|x86
		{03247097-1847-49A5-AFBB-F173D6B17BD7}.Release|Any CPU.ActiveCfg = Release|x86
		{03247097-1847-49A5-AFBB-F173D6B17BD7}.Release|ARM.ActiveCfg = Release|ARM
		{03247097-1847-49A5-AFBB-F173D6B17BD7}.Release|ARM.Build.0 = Release|ARM
		{03247097-1847-49A5-AFBB-F173D6B17BD7}.Release|ARM.Deploy.0 = Release|ARM
		{03247097-1847-49A5-AFBB-F173D6B17BD7}.Release|iPhone.ActiveCfg = Release|x86
		{03247097-1847-49A5-AFBB-F173D6B17BD7}.Release|iPhoneSimulator.ActiveCfg = Release|x86
		{03247097-1847-49A5-AFBB-F173D6B17BD7}.Release|x64.ActiveCfg = Release|x64
		{03247097-1847-49A5-AFBB-F173D6B17BD7}.Release|x64.Build.0 = Release|x64
		{03247097-1847-49A5-AFBB-F173D6B17BD7}.Release|x64.Deploy.0 = Release|x64
		{03247097-1847-49A5-AFBB-F173D6B17BD7}.Release|x86.ActiveCfg = Release|x86
		{03247097-1847-49A5-AFBB-F173D6B17BD7}.Release|x86.Build.0 = Release|x86
		{03247097-1847-49A5-AFBB-F173D6B17BD7}.Release|x86.Deploy.0 = Release|x86
	EndGlobalSection
	GlobalSection(SolutionProperties) = preSolution
		HideSolutionNode = FALSE
	EndGlobalSection
EndGlobal
