
Microsoft Visual Studio Solution File, Format Version 12.00
# Visual Studio Version 16
VisualStudioVersion = 16.0.31424.327
MinimumVisualStudioVersion = 10.0.40219.1
Project("{FAE04EC0-301F-11D3-BF4B-00C04F79EFBC}") = "Rox.Harness.Camera.Xamarin.Windows", "Harness\Windows\Rox.Harness.Camera.Xamarin.Windows.csproj", "{7A5E02C7-9643-41C2-96EE-1038006D8675}"
EndProject
Project("{FAE04EC0-301F-11D3-BF4B-00C04F79EFBC}") = "Rox.Harness.Camera.Xamarin.Android", "Harness\Android\Rox.Harness.Camera.Xamarin.Android.csproj", "{CAD504F0-F73F-4EC3-96C2-4D2FDE0AE77F}"
EndProject
Project("{FAE04EC0-301F-11D3-BF4B-00C04F79EFBC}") = "Rox.Harness.Camera.Xamarin.Apple", "Harness\Apple\Rox.Harness.Camera.Xamarin.Apple.csproj", "{BCEB005E-C730-4D47-BE11-75215652C486}"
EndProject
Project("{9A19103F-16F7-4668-BE54-9A1E7A4F7556}") = "Rox.Harness.Camera.Xamarin.Core", "Harness\Core\Rox.Harness.Camera.Xamarin.Core.csproj", "{FA7553AC-83B3-4229-8D3D-5AD72E1591E4}"
EndProject
Project("{9A19103F-16F7-4668-BE54-9A1E7A4F7556}") = "Rox.Control.Camera.Xamarin.Core", "Provider\Core\Rox.Control.Camera.Xamarin.Core.csproj", "{0D73966C-446B-45C9-BFE0-86C61766D590}"
EndProject
Project("{FAE04EC0-301F-11D3-BF4B-00C04F79EFBC}") = "Rox.Control.Camera.Xamarin.Windows", "Provider\Windows\Rox.Control.Camera.Xamarin.Windows.csproj", "{4416852D-2320-4C97-B8F9-6BC9CD7871E0}"
EndProject
Project("{FAE04EC0-301F-11D3-BF4B-00C04F79EFBC}") = "Rox.Control.Camera.Xamarin.Android", "Provider\Android\Rox.Control.Camera.Xamarin.Android.csproj", "{12C4B178-E497-446F-9ECA-97ACFACDF3CE}"
EndProject
Project("{FAE04EC0-301F-11D3-BF4B-00C04F79EFBC}") = "Rox.Control.Camera.Xamarin.Apple", "Provider\Apple\Rox.Control.Camera.Xamarin.Apple.csproj", "{483397BE-D741-4E4C-978A-82E301B5D0B2}"
EndProject
Global
	GlobalSection(SolutionConfigurationPlatforms) = preSolution
		Debug|Any CPU = Debug|Any CPU
		Debug|ARM = Debug|ARM
		Debug|ARM64 = Debug|ARM64
		Debug|iPhone = Debug|iPhone
		Debug|iPhoneSimulator = Debug|iPhoneSimulator
		Debug|x64 = Debug|x64
		Debug|x86 = Debug|x86
		Release|Any CPU = Release|Any CPU
		Release|ARM = Release|ARM
		Release|ARM64 = Release|ARM64
		Release|iPhone = Release|iPhone
		Release|iPhoneSimulator = Release|iPhoneSimulator
		Release|x64 = Release|x64
		Release|x86 = Release|x86
	EndGlobalSection
	GlobalSection(ProjectConfigurationPlatforms) = postSolution
		{7A5E02C7-9643-41C2-96EE-1038006D8675}.Debug|Any CPU.ActiveCfg = Debug|x86
		{7A5E02C7-9643-41C2-96EE-1038006D8675}.Debug|Any CPU.Build.0 = Debug|x86
		{7A5E02C7-9643-41C2-96EE-1038006D8675}.Debug|Any CPU.Deploy.0 = Debug|x86
		{7A5E02C7-9643-41C2-96EE-1038006D8675}.Debug|ARM.ActiveCfg = Debug|ARM
		{7A5E02C7-9643-41C2-96EE-1038006D8675}.Debug|ARM.Build.0 = Debug|ARM
		{7A5E02C7-9643-41C2-96EE-1038006D8675}.Debug|ARM.Deploy.0 = Debug|ARM
		{7A5E02C7-9643-41C2-96EE-1038006D8675}.Debug|ARM64.ActiveCfg = Debug|x86
		{7A5E02C7-9643-41C2-96EE-1038006D8675}.Debug|iPhone.ActiveCfg = Debug|x86
		{7A5E02C7-9643-41C2-96EE-1038006D8675}.Debug|iPhone.Build.0 = Debug|x86
		{7A5E02C7-9643-41C2-96EE-1038006D8675}.Debug|iPhone.Deploy.0 = Debug|x86
		{7A5E02C7-9643-41C2-96EE-1038006D8675}.Debug|iPhoneSimulator.ActiveCfg = Debug|x86
		{7A5E02C7-9643-41C2-96EE-1038006D8675}.Debug|iPhoneSimulator.Build.0 = Debug|x86
		{7A5E02C7-9643-41C2-96EE-1038006D8675}.Debug|iPhoneSimulator.Deploy.0 = Debug|x86
		{7A5E02C7-9643-41C2-96EE-1038006D8675}.Debug|x64.ActiveCfg = Debug|x64
		{7A5E02C7-9643-41C2-96EE-1038006D8675}.Debug|x64.Build.0 = Debug|x64
		{7A5E02C7-9643-41C2-96EE-1038006D8675}.Debug|x64.Deploy.0 = Debug|x64
		{7A5E02C7-9643-41C2-96EE-1038006D8675}.Debug|x86.ActiveCfg = Debug|x86
		{7A5E02C7-9643-41C2-96EE-1038006D8675}.Debug|x86.Build.0 = Debug|x86
		{7A5E02C7-9643-41C2-96EE-1038006D8675}.Debug|x86.Deploy.0 = Debug|x86
		{7A5E02C7-9643-41C2-96EE-1038006D8675}.Release|Any CPU.ActiveCfg = Release|x86
		{7A5E02C7-9643-41C2-96EE-1038006D8675}.Release|Any CPU.Build.0 = Release|x86
		{7A5E02C7-9643-41C2-96EE-1038006D8675}.Release|Any CPU.Deploy.0 = Release|x86
		{7A5E02C7-9643-41C2-96EE-1038006D8675}.Release|ARM.ActiveCfg = Release|ARM
		{7A5E02C7-9643-41C2-96EE-1038006D8675}.Release|ARM.Build.0 = Release|ARM
		{7A5E02C7-9643-41C2-96EE-1038006D8675}.Release|ARM.Deploy.0 = Release|ARM
		{7A5E02C7-9643-41C2-96EE-1038006D8675}.Release|ARM64.ActiveCfg = Release|x86
		{7A5E02C7-9643-41C2-96EE-1038006D8675}.Release|iPhone.ActiveCfg = Release|x86
		{7A5E02C7-9643-41C2-96EE-1038006D8675}.Release|iPhone.Build.0 = Release|x86
		{7A5E02C7-9643-41C2-96EE-1038006D8675}.Release|iPhone.Deploy.0 = Release|x86
		{7A5E02C7-9643-41C2-96EE-1038006D8675}.Release|iPhoneSimulator.ActiveCfg = Release|x86
		{7A5E02C7-9643-41C2-96EE-1038006D8675}.Release|iPhoneSimulator.Build.0 = Release|x86
		{7A5E02C7-9643-41C2-96EE-1038006D8675}.Release|iPhoneSimulator.Deploy.0 = Release|x86
		{7A5E02C7-9643-41C2-96EE-1038006D8675}.Release|x64.ActiveCfg = Release|x64
		{7A5E02C7-9643-41C2-96EE-1038006D8675}.Release|x64.Build.0 = Release|x64
		{7A5E02C7-9643-41C2-96EE-1038006D8675}.Release|x64.Deploy.0 = Release|x64
		{7A5E02C7-9643-41C2-96EE-1038006D8675}.Release|x86.ActiveCfg = Release|x86
		{7A5E02C7-9643-41C2-96EE-1038006D8675}.Release|x86.Build.0 = Release|x86
		{7A5E02C7-9643-41C2-96EE-1038006D8675}.Release|x86.Deploy.0 = Release|x86
		{CAD504F0-F73F-4EC3-96C2-4D2FDE0AE77F}.Debug|Any CPU.ActiveCfg = Debug|Any CPU
		{CAD504F0-F73F-4EC3-96C2-4D2FDE0AE77F}.Debug|Any CPU.Build.0 = Debug|Any CPU
		{CAD504F0-F73F-4EC3-96C2-4D2FDE0AE77F}.Debug|Any CPU.Deploy.0 = Debug|Any CPU
		{CAD504F0-F73F-4EC3-96C2-4D2FDE0AE77F}.Debug|ARM.ActiveCfg = Debug|Any CPU
		{CAD504F0-F73F-4EC3-96C2-4D2FDE0AE77F}.Debug|ARM.Build.0 = Debug|Any CPU
		{CAD504F0-F73F-4EC3-96C2-4D2FDE0AE77F}.Debug|ARM.Deploy.0 = Debug|Any CPU
		{CAD504F0-F73F-4EC3-96C2-4D2FDE0AE77F}.Debug|ARM64.ActiveCfg = Debug|Any CPU
		{CAD504F0-F73F-4EC3-96C2-4D2FDE0AE77F}.Debug|ARM64.Build.0 = Debug|Any CPU
		{CAD504F0-F73F-4EC3-96C2-4D2FDE0AE77F}.Debug|ARM64.Deploy.0 = Debug|Any CPU
		{CAD504F0-F73F-4EC3-96C2-4D2FDE0AE77F}.Debug|iPhone.ActiveCfg = Debug|Any CPU
		{CAD504F0-F73F-4EC3-96C2-4D2FDE0AE77F}.Debug|iPhone.Build.0 = Debug|Any CPU
		{CAD504F0-F73F-4EC3-96C2-4D2FDE0AE77F}.Debug|iPhone.Deploy.0 = Debug|Any CPU
		{CAD504F0-F73F-4EC3-96C2-4D2FDE0AE77F}.Debug|iPhoneSimulator.ActiveCfg = Debug|Any CPU
		{CAD504F0-F73F-4EC3-96C2-4D2FDE0AE77F}.Debug|iPhoneSimulator.Build.0 = Debug|Any CPU
		{CAD504F0-F73F-4EC3-96C2-4D2FDE0AE77F}.Debug|iPhoneSimulator.Deploy.0 = Debug|Any CPU
		{CAD504F0-F73F-4EC3-96C2-4D2FDE0AE77F}.Debug|x64.ActiveCfg = Debug|Any CPU
		{CAD504F0-F73F-4EC3-96C2-4D2FDE0AE77F}.Debug|x64.Build.0 = Debug|Any CPU
		{CAD504F0-F73F-4EC3-96C2-4D2FDE0AE77F}.Debug|x64.Deploy.0 = Debug|Any CPU
		{CAD504F0-F73F-4EC3-96C2-4D2FDE0AE77F}.Debug|x86.ActiveCfg = Debug|Any CPU
		{CAD504F0-F73F-4EC3-96C2-4D2FDE0AE77F}.Debug|x86.Build.0 = Debug|Any CPU
		{CAD504F0-F73F-4EC3-96C2-4D2FDE0AE77F}.Debug|x86.Deploy.0 = Debug|Any CPU
		{CAD504F0-F73F-4EC3-96C2-4D2FDE0AE77F}.Release|Any CPU.ActiveCfg = Release|Any CPU
		{CAD504F0-F73F-4EC3-96C2-4D2FDE0AE77F}.Release|Any CPU.Build.0 = Release|Any CPU
		{CAD504F0-F73F-4EC3-96C2-4D2FDE0AE77F}.Release|Any CPU.Deploy.0 = Release|Any CPU
		{CAD504F0-F73F-4EC3-96C2-4D2FDE0AE77F}.Release|ARM.ActiveCfg = Release|Any CPU
		{CAD504F0-F73F-4EC3-96C2-4D2FDE0AE77F}.Release|ARM.Build.0 = Release|Any CPU
		{CAD504F0-F73F-4EC3-96C2-4D2FDE0AE77F}.Release|ARM.Deploy.0 = Release|Any CPU
		{CAD504F0-F73F-4EC3-96C2-4D2FDE0AE77F}.Release|ARM64.ActiveCfg = Release|Any CPU
		{CAD504F0-F73F-4EC3-96C2-4D2FDE0AE77F}.Release|ARM64.Build.0 = Release|Any CPU
		{CAD504F0-F73F-4EC3-96C2-4D2FDE0AE77F}.Release|ARM64.Deploy.0 = Release|Any CPU
		{CAD504F0-F73F-4EC3-96C2-4D2FDE0AE77F}.Release|iPhone.ActiveCfg = Release|Any CPU
		{CAD504F0-F73F-4EC3-96C2-4D2FDE0AE77F}.Release|iPhone.Build.0 = Release|Any CPU
		{CAD504F0-F73F-4EC3-96C2-4D2FDE0AE77F}.Release|iPhone.Deploy.0 = Release|Any CPU
		{CAD504F0-F73F-4EC3-96C2-4D2FDE0AE77F}.Release|iPhoneSimulator.ActiveCfg = Release|Any CPU
		{CAD504F0-F73F-4EC3-96C2-4D2FDE0AE77F}.Release|iPhoneSimulator.Build.0 = Release|Any CPU
		{CAD504F0-F73F-4EC3-96C2-4D2FDE0AE77F}.Release|iPhoneSimulator.Deploy.0 = Release|Any CPU
		{CAD504F0-F73F-4EC3-96C2-4D2FDE0AE77F}.Release|x64.ActiveCfg = Release|Any CPU
		{CAD504F0-F73F-4EC3-96C2-4D2FDE0AE77F}.Release|x64.Build.0 = Release|Any CPU
		{CAD504F0-F73F-4EC3-96C2-4D2FDE0AE77F}.Release|x64.Deploy.0 = Release|Any CPU
		{CAD504F0-F73F-4EC3-96C2-4D2FDE0AE77F}.Release|x86.ActiveCfg = Release|Any CPU
		{CAD504F0-F73F-4EC3-96C2-4D2FDE0AE77F}.Release|x86.Build.0 = Release|Any CPU
		{CAD504F0-F73F-4EC3-96C2-4D2FDE0AE77F}.Release|x86.Deploy.0 = Release|Any CPU
		{BCEB005E-C730-4D47-BE11-75215652C486}.Debug|Any CPU.ActiveCfg = Debug|iPhoneSimulator
		{BCEB005E-C730-4D47-BE11-75215652C486}.Debug|Any CPU.Build.0 = Debug|iPhoneSimulator
		{BCEB005E-C730-4D47-BE11-75215652C486}.Debug|Any CPU.Deploy.0 = Debug|iPhoneSimulator
		{BCEB005E-C730-4D47-BE11-75215652C486}.Debug|ARM.ActiveCfg = Debug|iPhone
		{BCEB005E-C730-4D47-BE11-75215652C486}.Debug|ARM.Build.0 = Debug|iPhone
		{BCEB005E-C730-4D47-BE11-75215652C486}.Debug|ARM.Deploy.0 = Debug|iPhone
		{BCEB005E-C730-4D47-BE11-75215652C486}.Debug|ARM64.ActiveCfg = Debug|iPhone
		{BCEB005E-C730-4D47-BE11-75215652C486}.Debug|iPhone.ActiveCfg = Debug|iPhone
		{BCEB005E-C730-4D47-BE11-75215652C486}.Debug|iPhone.Build.0 = Debug|iPhone
		{BCEB005E-C730-4D47-BE11-75215652C486}.Debug|iPhone.Deploy.0 = Debug|iPhone
		{BCEB005E-C730-4D47-BE11-75215652C486}.Debug|iPhoneSimulator.ActiveCfg = Debug|iPhoneSimulator
		{BCEB005E-C730-4D47-BE11-75215652C486}.Debug|iPhoneSimulator.Build.0 = Debug|iPhoneSimulator
		{BCEB005E-C730-4D47-BE11-75215652C486}.Debug|iPhoneSimulator.Deploy.0 = Debug|iPhoneSimulator
		{BCEB005E-C730-4D47-BE11-75215652C486}.Debug|x64.ActiveCfg = Debug|iPhoneSimulator
		{BCEB005E-C730-4D47-BE11-75215652C486}.Debug|x64.Build.0 = Debug|iPhoneSimulator
		{BCEB005E-C730-4D47-BE11-75215652C486}.Debug|x64.Deploy.0 = Debug|iPhoneSimulator
		{BCEB005E-C730-4D47-BE11-75215652C486}.Debug|x86.ActiveCfg = Debug|iPhoneSimulator
		{BCEB005E-C730-4D47-BE11-75215652C486}.Debug|x86.Build.0 = Debug|iPhoneSimulator
		{BCEB005E-C730-4D47-BE11-75215652C486}.Debug|x86.Deploy.0 = Debug|iPhoneSimulator
		{BCEB005E-C730-4D47-BE11-75215652C486}.Release|Any CPU.ActiveCfg = Release|iPhoneSimulator
		{BCEB005E-C730-4D47-BE11-75215652C486}.Release|Any CPU.Build.0 = Release|iPhoneSimulator
		{BCEB005E-C730-4D47-BE11-75215652C486}.Release|Any CPU.Deploy.0 = Release|iPhoneSimulator
		{BCEB005E-C730-4D47-BE11-75215652C486}.Release|ARM.ActiveCfg = Release|iPhoneSimulator
		{BCEB005E-C730-4D47-BE11-75215652C486}.Release|ARM.Build.0 = Release|iPhoneSimulator
		{BCEB005E-C730-4D47-BE11-75215652C486}.Release|ARM.Deploy.0 = Release|iPhoneSimulator
		{BCEB005E-C730-4D47-BE11-75215652C486}.Release|ARM64.ActiveCfg = Release|iPhone
		{BCEB005E-C730-4D47-BE11-75215652C486}.Release|iPhone.ActiveCfg = Release|iPhone
		{BCEB005E-C730-4D47-BE11-75215652C486}.Release|iPhone.Build.0 = Release|iPhone
		{BCEB005E-C730-4D47-BE11-75215652C486}.Release|iPhone.Deploy.0 = Release|iPhone
		{BCEB005E-C730-4D47-BE11-75215652C486}.Release|iPhoneSimulator.ActiveCfg = Release|iPhoneSimulator
		{BCEB005E-C730-4D47-BE11-75215652C486}.Release|iPhoneSimulator.Build.0 = Release|iPhoneSimulator
		{BCEB005E-C730-4D47-BE11-75215652C486}.Release|iPhoneSimulator.Deploy.0 = Release|iPhoneSimulator
		{BCEB005E-C730-4D47-BE11-75215652C486}.Release|x64.ActiveCfg = Release|iPhoneSimulator
		{BCEB005E-C730-4D47-BE11-75215652C486}.Release|x64.Build.0 = Release|iPhoneSimulator
		{BCEB005E-C730-4D47-BE11-75215652C486}.Release|x64.Deploy.0 = Release|iPhoneSimulator
		{BCEB005E-C730-4D47-BE11-75215652C486}.Release|x86.ActiveCfg = Release|iPhoneSimulator
		{BCEB005E-C730-4D47-BE11-75215652C486}.Release|x86.Build.0 = Release|iPhoneSimulator
		{BCEB005E-C730-4D47-BE11-75215652C486}.Release|x86.Deploy.0 = Release|iPhoneSimulator
		{FA7553AC-83B3-4229-8D3D-5AD72E1591E4}.Debug|Any CPU.ActiveCfg = Debug|Any CPU
		{FA7553AC-83B3-4229-8D3D-5AD72E1591E4}.Debug|Any CPU.Build.0 = Debug|Any CPU
		{FA7553AC-83B3-4229-8D3D-5AD72E1591E4}.Debug|Any CPU.Deploy.0 = Debug|Any CPU
		{FA7553AC-83B3-4229-8D3D-5AD72E1591E4}.Debug|ARM.ActiveCfg = Debug|Any CPU
		{FA7553AC-83B3-4229-8D3D-5AD72E1591E4}.Debug|ARM.Build.0 = Debug|Any CPU
		{FA7553AC-83B3-4229-8D3D-5AD72E1591E4}.Debug|ARM.Deploy.0 = Debug|Any CPU
		{FA7553AC-83B3-4229-8D3D-5AD72E1591E4}.Debug|ARM64.ActiveCfg = Debug|Any CPU
		{FA7553AC-83B3-4229-8D3D-5AD72E1591E4}.Debug|ARM64.Build.0 = Debug|Any CPU
		{FA7553AC-83B3-4229-8D3D-5AD72E1591E4}.Debug|iPhone.ActiveCfg = Debug|Any CPU
		{FA7553AC-83B3-4229-8D3D-5AD72E1591E4}.Debug|iPhone.Build.0 = Debug|Any CPU
		{FA7553AC-83B3-4229-8D3D-5AD72E1591E4}.Debug|iPhone.Deploy.0 = Debug|Any CPU
		{FA7553AC-83B3-4229-8D3D-5AD72E1591E4}.Debug|iPhoneSimulator.ActiveCfg = Debug|Any CPU
		{FA7553AC-83B3-4229-8D3D-5AD72E1591E4}.Debug|iPhoneSimulator.Build.0 = Debug|Any CPU
		{FA7553AC-83B3-4229-8D3D-5AD72E1591E4}.Debug|iPhoneSimulator.Deploy.0 = Debug|Any CPU
		{FA7553AC-83B3-4229-8D3D-5AD72E1591E4}.Debug|x64.ActiveCfg = Debug|Any CPU
		{FA7553AC-83B3-4229-8D3D-5AD72E1591E4}.Debug|x64.Build.0 = Debug|Any CPU
		{FA7553AC-83B3-4229-8D3D-5AD72E1591E4}.Debug|x64.Deploy.0 = Debug|Any CPU
		{FA7553AC-83B3-4229-8D3D-5AD72E1591E4}.Debug|x86.ActiveCfg = Debug|Any CPU
		{FA7553AC-83B3-4229-8D3D-5AD72E1591E4}.Debug|x86.Build.0 = Debug|Any CPU
		{FA7553AC-83B3-4229-8D3D-5AD72E1591E4}.Debug|x86.Deploy.0 = Debug|Any CPU
		{FA7553AC-83B3-4229-8D3D-5AD72E1591E4}.Release|Any CPU.ActiveCfg = Release|Any CPU
		{FA7553AC-83B3-4229-8D3D-5AD72E1591E4}.Release|Any CPU.Build.0 = Release|Any CPU
		{FA7553AC-83B3-4229-8D3D-5AD72E1591E4}.Release|Any CPU.Deploy.0 = Release|Any CPU
		{FA7553AC-83B3-4229-8D3D-5AD72E1591E4}.Release|ARM.ActiveCfg = Release|Any CPU
		{FA7553AC-83B3-4229-8D3D-5AD72E1591E4}.Release|ARM.Build.0 = Release|Any CPU
		{FA7553AC-83B3-4229-8D3D-5AD72E1591E4}.Release|ARM.Deploy.0 = Release|Any CPU
		{FA7553AC-83B3-4229-8D3D-5AD72E1591E4}.Release|ARM64.ActiveCfg = Release|Any CPU
		{FA7553AC-83B3-4229-8D3D-5AD72E1591E4}.Release|ARM64.Build.0 = Release|Any CPU
		{FA7553AC-83B3-4229-8D3D-5AD72E1591E4}.Release|iPhone.ActiveCfg = Release|Any CPU
		{FA7553AC-83B3-4229-8D3D-5AD72E1591E4}.Release|iPhone.Build.0 = Release|Any CPU
		{FA7553AC-83B3-4229-8D3D-5AD72E1591E4}.Release|iPhone.Deploy.0 = Release|Any CPU
		{FA7553AC-83B3-4229-8D3D-5AD72E1591E4}.Release|iPhoneSimulator.ActiveCfg = Release|Any CPU
		{FA7553AC-83B3-4229-8D3D-5AD72E1591E4}.Release|iPhoneSimulator.Build.0 = Release|Any CPU
		{FA7553AC-83B3-4229-8D3D-5AD72E1591E4}.Release|iPhoneSimulator.Deploy.0 = Release|Any CPU
		{FA7553AC-83B3-4229-8D3D-5AD72E1591E4}.Release|x64.ActiveCfg = Release|Any CPU
		{FA7553AC-83B3-4229-8D3D-5AD72E1591E4}.Release|x64.Build.0 = Release|Any CPU
		{FA7553AC-83B3-4229-8D3D-5AD72E1591E4}.Release|x64.Deploy.0 = Release|Any CPU
		{FA7553AC-83B3-4229-8D3D-5AD72E1591E4}.Release|x86.ActiveCfg = Release|Any CPU
		{FA7553AC-83B3-4229-8D3D-5AD72E1591E4}.Release|x86.Build.0 = Release|Any CPU
		{FA7553AC-83B3-4229-8D3D-5AD72E1591E4}.Release|x86.Deploy.0 = Release|Any CPU
		{0D73966C-446B-45C9-BFE0-86C61766D590}.Debug|Any CPU.ActiveCfg = Debug|Any CPU
		{0D73966C-446B-45C9-BFE0-86C61766D590}.Debug|Any CPU.Build.0 = Debug|Any CPU
		{0D73966C-446B-45C9-BFE0-86C61766D590}.Debug|ARM.ActiveCfg = Debug|Any CPU
		{0D73966C-446B-45C9-BFE0-86C61766D590}.Debug|ARM.Build.0 = Debug|Any CPU
		{0D73966C-446B-45C9-BFE0-86C61766D590}.Debug|ARM64.ActiveCfg = Debug|Any CPU
		{0D73966C-446B-45C9-BFE0-86C61766D590}.Debug|ARM64.Build.0 = Debug|Any CPU
		{0D73966C-446B-45C9-BFE0-86C61766D590}.Debug|iPhone.ActiveCfg = Debug|Any CPU
		{0D73966C-446B-45C9-BFE0-86C61766D590}.Debug|iPhone.Build.0 = Debug|Any CPU
		{0D73966C-446B-45C9-BFE0-86C61766D590}.Debug|iPhoneSimulator.ActiveCfg = Debug|Any CPU
		{0D73966C-446B-45C9-BFE0-86C61766D590}.Debug|iPhoneSimulator.Build.0 = Debug|Any CPU
		{0D73966C-446B-45C9-BFE0-86C61766D590}.Debug|x64.ActiveCfg = Debug|Any CPU
		{0D73966C-446B-45C9-BFE0-86C61766D590}.Debug|x64.Build.0 = Debug|Any CPU
		{0D73966C-446B-45C9-BFE0-86C61766D590}.Debug|x86.ActiveCfg = Debug|Any CPU
		{0D73966C-446B-45C9-BFE0-86C61766D590}.Debug|x86.Build.0 = Debug|Any CPU
		{0D73966C-446B-45C9-BFE0-86C61766D590}.Release|Any CPU.ActiveCfg = Release|Any CPU
		{0D73966C-446B-45C9-BFE0-86C61766D590}.Release|Any CPU.Build.0 = Release|Any CPU
		{0D73966C-446B-45C9-BFE0-86C61766D590}.Release|ARM.ActiveCfg = Release|Any CPU
		{0D73966C-446B-45C9-BFE0-86C61766D590}.Release|ARM.Build.0 = Release|Any CPU
		{0D73966C-446B-45C9-BFE0-86C61766D590}.Release|ARM64.ActiveCfg = Release|Any CPU
		{0D73966C-446B-45C9-BFE0-86C61766D590}.Release|ARM64.Build.0 = Release|Any CPU
		{0D73966C-446B-45C9-BFE0-86C61766D590}.Release|iPhone.ActiveCfg = Release|Any CPU
		{0D73966C-446B-45C9-BFE0-86C61766D590}.Release|iPhone.Build.0 = Release|Any CPU
		{0D73966C-446B-45C9-BFE0-86C61766D590}.Release|iPhoneSimulator.ActiveCfg = Release|Any CPU
		{0D73966C-446B-45C9-BFE0-86C61766D590}.Release|iPhoneSimulator.Build.0 = Release|Any CPU
		{0D73966C-446B-45C9-BFE0-86C61766D590}.Release|x64.ActiveCfg = Release|Any CPU
		{0D73966C-446B-45C9-BFE0-86C61766D590}.Release|x64.Build.0 = Release|Any CPU
		{0D73966C-446B-45C9-BFE0-86C61766D590}.Release|x86.ActiveCfg = Release|Any CPU
		{0D73966C-446B-45C9-BFE0-86C61766D590}.Release|x86.Build.0 = Release|Any CPU
		{4416852D-2320-4C97-B8F9-6BC9CD7871E0}.Debug|Any CPU.ActiveCfg = Debug|Any CPU
		{4416852D-2320-4C97-B8F9-6BC9CD7871E0}.Debug|Any CPU.Build.0 = Debug|Any CPU
		{4416852D-2320-4C97-B8F9-6BC9CD7871E0}.Debug|ARM.ActiveCfg = Debug|ARM
		{4416852D-2320-4C97-B8F9-6BC9CD7871E0}.Debug|ARM.Build.0 = Debug|ARM
		{4416852D-2320-4C97-B8F9-6BC9CD7871E0}.Debug|ARM64.ActiveCfg = Debug|ARM64
		{4416852D-2320-4C97-B8F9-6BC9CD7871E0}.Debug|ARM64.Build.0 = Debug|ARM64
		{4416852D-2320-4C97-B8F9-6BC9CD7871E0}.Debug|iPhone.ActiveCfg = Debug|Any CPU
		{4416852D-2320-4C97-B8F9-6BC9CD7871E0}.Debug|iPhone.Build.0 = Debug|Any CPU
		{4416852D-2320-4C97-B8F9-6BC9CD7871E0}.Debug|iPhoneSimulator.ActiveCfg = Debug|Any CPU
		{4416852D-2320-4C97-B8F9-6BC9CD7871E0}.Debug|iPhoneSimulator.Build.0 = Debug|Any CPU
		{4416852D-2320-4C97-B8F9-6BC9CD7871E0}.Debug|x64.ActiveCfg = Debug|x64
		{4416852D-2320-4C97-B8F9-6BC9CD7871E0}.Debug|x64.Build.0 = Debug|x64
		{4416852D-2320-4C97-B8F9-6BC9CD7871E0}.Debug|x86.ActiveCfg = Debug|x86
		{4416852D-2320-4C97-B8F9-6BC9CD7871E0}.Debug|x86.Build.0 = Debug|x86
		{4416852D-2320-4C97-B8F9-6BC9CD7871E0}.Release|Any CPU.ActiveCfg = Release|Any CPU
		{4416852D-2320-4C97-B8F9-6BC9CD7871E0}.Release|Any CPU.Build.0 = Release|Any CPU
		{4416852D-2320-4C97-B8F9-6BC9CD7871E0}.Release|ARM.ActiveCfg = Release|ARM
		{4416852D-2320-4C97-B8F9-6BC9CD7871E0}.Release|ARM.Build.0 = Release|ARM
		{4416852D-2320-4C97-B8F9-6BC9CD7871E0}.Release|ARM64.ActiveCfg = Release|ARM64
		{4416852D-2320-4C97-B8F9-6BC9CD7871E0}.Release|ARM64.Build.0 = Release|ARM64
		{4416852D-2320-4C97-B8F9-6BC9CD7871E0}.Release|iPhone.ActiveCfg = Release|Any CPU
		{4416852D-2320-4C97-B8F9-6BC9CD7871E0}.Release|iPhone.Build.0 = Release|Any CPU
		{4416852D-2320-4C97-B8F9-6BC9CD7871E0}.Release|iPhoneSimulator.ActiveCfg = Release|Any CPU
		{4416852D-2320-4C97-B8F9-6BC9CD7871E0}.Release|iPhoneSimulator.Build.0 = Release|Any CPU
		{4416852D-2320-4C97-B8F9-6BC9CD7871E0}.Release|x64.ActiveCfg = Release|x64
		{4416852D-2320-4C97-B8F9-6BC9CD7871E0}.Release|x64.Build.0 = Release|x64
		{4416852D-2320-4C97-B8F9-6BC9CD7871E0}.Release|x86.ActiveCfg = Release|x86
		{4416852D-2320-4C97-B8F9-6BC9CD7871E0}.Release|x86.Build.0 = Release|x86
		{12C4B178-E497-446F-9ECA-97ACFACDF3CE}.Debug|Any CPU.ActiveCfg = Debug|Any CPU
		{12C4B178-E497-446F-9ECA-97ACFACDF3CE}.Debug|Any CPU.Build.0 = Debug|Any CPU
		{12C4B178-E497-446F-9ECA-97ACFACDF3CE}.Debug|ARM.ActiveCfg = Debug|Any CPU
		{12C4B178-E497-446F-9ECA-97ACFACDF3CE}.Debug|ARM.Build.0 = Debug|Any CPU
		{12C4B178-E497-446F-9ECA-97ACFACDF3CE}.Debug|ARM64.ActiveCfg = Debug|Any CPU
		{12C4B178-E497-446F-9ECA-97ACFACDF3CE}.Debug|ARM64.Build.0 = Debug|Any CPU
		{12C4B178-E497-446F-9ECA-97ACFACDF3CE}.Debug|iPhone.ActiveCfg = Debug|Any CPU
		{12C4B178-E497-446F-9ECA-97ACFACDF3CE}.Debug|iPhone.Build.0 = Debug|Any CPU
		{12C4B178-E497-446F-9ECA-97ACFACDF3CE}.Debug|iPhoneSimulator.ActiveCfg = Debug|Any CPU
		{12C4B178-E497-446F-9ECA-97ACFACDF3CE}.Debug|iPhoneSimulator.Build.0 = Debug|Any CPU
		{12C4B178-E497-446F-9ECA-97ACFACDF3CE}.Debug|x64.ActiveCfg = Debug|Any CPU
		{12C4B178-E497-446F-9ECA-97ACFACDF3CE}.Debug|x64.Build.0 = Debug|Any CPU
		{12C4B178-E497-446F-9ECA-97ACFACDF3CE}.Debug|x86.ActiveCfg = Debug|Any CPU
		{12C4B178-E497-446F-9ECA-97ACFACDF3CE}.Debug|x86.Build.0 = Debug|Any CPU
		{12C4B178-E497-446F-9ECA-97ACFACDF3CE}.Release|Any CPU.ActiveCfg = Release|Any CPU
		{12C4B178-E497-446F-9ECA-97ACFACDF3CE}.Release|Any CPU.Build.0 = Release|Any CPU
		{12C4B178-E497-446F-9ECA-97ACFACDF3CE}.Release|ARM.ActiveCfg = Release|Any CPU
		{12C4B178-E497-446F-9ECA-97ACFACDF3CE}.Release|ARM.Build.0 = Release|Any CPU
		{12C4B178-E497-446F-9ECA-97ACFACDF3CE}.Release|ARM64.ActiveCfg = Release|Any CPU
		{12C4B178-E497-446F-9ECA-97ACFACDF3CE}.Release|ARM64.Build.0 = Release|Any CPU
		{12C4B178-E497-446F-9ECA-97ACFACDF3CE}.Release|iPhone.ActiveCfg = Release|Any CPU
		{12C4B178-E497-446F-9ECA-97ACFACDF3CE}.Release|iPhone.Build.0 = Release|Any CPU
		{12C4B178-E497-446F-9ECA-97ACFACDF3CE}.Release|iPhoneSimulator.ActiveCfg = Release|Any CPU
		{12C4B178-E497-446F-9ECA-97ACFACDF3CE}.Release|iPhoneSimulator.Build.0 = Release|Any CPU
		{12C4B178-E497-446F-9ECA-97ACFACDF3CE}.Release|x64.ActiveCfg = Release|Any CPU
		{12C4B178-E497-446F-9ECA-97ACFACDF3CE}.Release|x64.Build.0 = Release|Any CPU
		{12C4B178-E497-446F-9ECA-97ACFACDF3CE}.Release|x86.ActiveCfg = Release|Any CPU
		{12C4B178-E497-446F-9ECA-97ACFACDF3CE}.Release|x86.Build.0 = Release|Any CPU
		{483397BE-D741-4E4C-978A-82E301B5D0B2}.Debug|Any CPU.ActiveCfg = Debug|Any CPU
		{483397BE-D741-4E4C-978A-82E301B5D0B2}.Debug|Any CPU.Build.0 = Debug|Any CPU
		{483397BE-D741-4E4C-978A-82E301B5D0B2}.Debug|ARM.ActiveCfg = Debug|Any CPU
		{483397BE-D741-4E4C-978A-82E301B5D0B2}.Debug|ARM.Build.0 = Debug|Any CPU
		{483397BE-D741-4E4C-978A-82E301B5D0B2}.Debug|ARM64.ActiveCfg = Debug|Any CPU
		{483397BE-D741-4E4C-978A-82E301B5D0B2}.Debug|ARM64.Build.0 = Debug|Any CPU
		{483397BE-D741-4E4C-978A-82E301B5D0B2}.Debug|iPhone.ActiveCfg = Debug|Any CPU
		{483397BE-D741-4E4C-978A-82E301B5D0B2}.Debug|iPhone.Build.0 = Debug|Any CPU
		{483397BE-D741-4E4C-978A-82E301B5D0B2}.Debug|iPhoneSimulator.ActiveCfg = Debug|Any CPU
		{483397BE-D741-4E4C-978A-82E301B5D0B2}.Debug|iPhoneSimulator.Build.0 = Debug|Any CPU
		{483397BE-D741-4E4C-978A-82E301B5D0B2}.Debug|x64.ActiveCfg = Debug|Any CPU
		{483397BE-D741-4E4C-978A-82E301B5D0B2}.Debug|x64.Build.0 = Debug|Any CPU
		{483397BE-D741-4E4C-978A-82E301B5D0B2}.Debug|x86.ActiveCfg = Debug|Any CPU
		{483397BE-D741-4E4C-978A-82E301B5D0B2}.Debug|x86.Build.0 = Debug|Any CPU
		{483397BE-D741-4E4C-978A-82E301B5D0B2}.Release|Any CPU.ActiveCfg = Release|Any CPU
		{483397BE-D741-4E4C-978A-82E301B5D0B2}.Release|Any CPU.Build.0 = Release|Any CPU
		{483397BE-D741-4E4C-978A-82E301B5D0B2}.Release|ARM.ActiveCfg = Release|Any CPU
		{483397BE-D741-4E4C-978A-82E301B5D0B2}.Release|ARM.Build.0 = Release|Any CPU
		{483397BE-D741-4E4C-978A-82E301B5D0B2}.Release|ARM64.ActiveCfg = Release|Any CPU
		{483397BE-D741-4E4C-978A-82E301B5D0B2}.Release|ARM64.Build.0 = Release|Any CPU
		{483397BE-D741-4E4C-978A-82E301B5D0B2}.Release|iPhone.ActiveCfg = Release|Any CPU
		{483397BE-D741-4E4C-978A-82E301B5D0B2}.Release|iPhone.Build.0 = Release|Any CPU
		{483397BE-D741-4E4C-978A-82E301B5D0B2}.Release|iPhoneSimulator.ActiveCfg = Release|Any CPU
		{483397BE-D741-4E4C-978A-82E301B5D0B2}.Release|iPhoneSimulator.Build.0 = Release|Any CPU
		{483397BE-D741-4E4C-978A-82E301B5D0B2}.Release|x64.ActiveCfg = Release|Any CPU
		{483397BE-D741-4E4C-978A-82E301B5D0B2}.Release|x64.Build.0 = Release|Any CPU
		{483397BE-D741-4E4C-978A-82E301B5D0B2}.Release|x86.ActiveCfg = Release|Any CPU
		{483397BE-D741-4E4C-978A-82E301B5D0B2}.Release|x86.Build.0 = Release|Any CPU
	EndGlobalSection
	GlobalSection(SolutionProperties) = preSolution
		HideSolutionNode = FALSE
	EndGlobalSection
	GlobalSection(ExtensibilityGlobals) = postSolution
		SolutionGuid = {258A21B1-A89C-4BA7-A926-73EDB41DDB33}
	EndGlobalSection
EndGlobal
