
Microsoft Visual Studio Solution File, Format Version 12.00
# Visual Studio 14
VisualStudioVersion = 14.0.25420.1
MinimumVisualStudioVersion = 10.0.40219.1
Project("{FAE04EC0-301F-11D3-BF4B-00C04F79EFBC}") = "Rox.Xamarin.Camera.Portable", "Component\Portable\Rox.Xamarin.Camera.Portable.csproj", "{957C7387-7E1B-4424-8B9F-4604E26926FD}"
EndProject
Project("{FAE04EC0-301F-11D3-BF4B-00C04F79EFBC}") = "Rox.Xamarin.Camera.Ios", "Component\Ios\Rox.Xamarin.Camera.Ios.csproj", "{1A2294EE-6CC8-4833-9C40-A4AAC433F354}"
EndProject
Project("{FAE04EC0-301F-11D3-BF4B-00C04F79EFBC}") = "Rox.Xamarin.Camera.Android", "Component\Android\Rox.Xamarin.Camera.Android.csproj", "{37F934A2-98FD-47C8-89E3-EB5583E894A1}"
EndProject
Project("{FAE04EC0-301F-11D3-BF4B-00C04F79EFBC}") = "Rox.Xamarin.Camera.Uwp", "Component\Uwp\Rox.Xamarin.Camera.Uwp.csproj", "{0405D42A-99B3-4ECA-967E-1E1305A572D2}"
EndProject
Project("{FAE04EC0-301F-11D3-BF4B-00C04F79EFBC}") = "Rox.Xamarin.Camera.Sample.Portable", "Sample\Portable\Rox.Xamarin.Camera.Sample.Portable.csproj", "{92CEB238-1AD5-4E50-9425-44FF2C15E5CD}"
EndProject
Project("{FAE04EC0-301F-11D3-BF4B-00C04F79EFBC}") = "Rox.Xamarin.Camera.Sample.Android", "Sample\Android\Rox.Xamarin.Camera.Sample.Android.csproj", "{69AD6D0A-2355-406B-8A10-85EE7973CD70}"
EndProject
Project("{FAE04EC0-301F-11D3-BF4B-00C04F79EFBC}") = "Rox.Xamarin.Camera.Sample.Ios", "Sample\Ios\Rox.Xamarin.Camera.Sample.Ios.csproj", "{572B6EFD-EB6D-4950-80E5-56FE4134AE6A}"
EndProject
Project("{FAE04EC0-301F-11D3-BF4B-00C04F79EFBC}") = "Rox.Xamarin.Camera.Sample.Uwp", "Sample\Uwp\Rox.Xamarin.Camera.Sample.Uwp.csproj", "{B0E3FD82-79CF-49DF-A265-E046CCFCE3BF}"
EndProject
Global
	GlobalSection(SolutionConfigurationPlatforms) = preSolution
		Ad-Hoc|Any CPU = Ad-Hoc|Any CPU
		Ad-Hoc|ARM = Ad-Hoc|ARM
		Ad-Hoc|iPhone = Ad-Hoc|iPhone
		Ad-Hoc|iPhoneSimulator = Ad-Hoc|iPhoneSimulator
		Ad-Hoc|x64 = Ad-Hoc|x64
		Ad-Hoc|x86 = Ad-Hoc|x86
		AppStore|Any CPU = AppStore|Any CPU
		AppStore|ARM = AppStore|ARM
		AppStore|iPhone = AppStore|iPhone
		AppStore|iPhoneSimulator = AppStore|iPhoneSimulator
		AppStore|x64 = AppStore|x64
		AppStore|x86 = AppStore|x86
		Debug|Any CPU = Debug|Any CPU
		Debug|ARM = Debug|ARM
		Debug|iPhone = Debug|iPhone
		Debug|iPhoneSimulator = Debug|iPhoneSimulator
		Debug|x64 = Debug|x64
		Debug|x86 = Debug|x86
		Release|Any CPU = Release|Any CPU
		Release|ARM = Release|ARM
		Release|iPhone = Release|iPhone
		Release|iPhoneSimulator = Release|iPhoneSimulator
		Release|x64 = Release|x64
		Release|x86 = Release|x86
	EndGlobalSection
	GlobalSection(ProjectConfigurationPlatforms) = postSolution
		{957C7387-7E1B-4424-8B9F-4604E26926FD}.Ad-Hoc|Any CPU.ActiveCfg = Release|Any CPU
		{957C7387-7E1B-4424-8B9F-4604E26926FD}.Ad-Hoc|Any CPU.Build.0 = Release|Any CPU
		{957C7387-7E1B-4424-8B9F-4604E26926FD}.Ad-Hoc|ARM.ActiveCfg = Release|Any CPU
		{957C7387-7E1B-4424-8B9F-4604E26926FD}.Ad-Hoc|ARM.Build.0 = Release|Any CPU
		{957C7387-7E1B-4424-8B9F-4604E26926FD}.Ad-Hoc|iPhone.ActiveCfg = Release|Any CPU
		{957C7387-7E1B-4424-8B9F-4604E26926FD}.Ad-Hoc|iPhone.Build.0 = Release|Any CPU
		{957C7387-7E1B-4424-8B9F-4604E26926FD}.Ad-Hoc|iPhoneSimulator.ActiveCfg = Release|Any CPU
		{957C7387-7E1B-4424-8B9F-4604E26926FD}.Ad-Hoc|iPhoneSimulator.Build.0 = Release|Any CPU
		{957C7387-7E1B-4424-8B9F-4604E26926FD}.Ad-Hoc|x64.ActiveCfg = Release|Any CPU
		{957C7387-7E1B-4424-8B9F-4604E26926FD}.Ad-Hoc|x64.Build.0 = Release|Any CPU
		{957C7387-7E1B-4424-8B9F-4604E26926FD}.Ad-Hoc|x86.ActiveCfg = Release|Any CPU
		{957C7387-7E1B-4424-8B9F-4604E26926FD}.Ad-Hoc|x86.Build.0 = Release|Any CPU
		{957C7387-7E1B-4424-8B9F-4604E26926FD}.AppStore|Any CPU.ActiveCfg = Release|Any CPU
		{957C7387-7E1B-4424-8B9F-4604E26926FD}.AppStore|Any CPU.Build.0 = Release|Any CPU
		{957C7387-7E1B-4424-8B9F-4604E26926FD}.AppStore|ARM.ActiveCfg = Release|Any CPU
		{957C7387-7E1B-4424-8B9F-4604E26926FD}.AppStore|ARM.Build.0 = Release|Any CPU
		{957C7387-7E1B-4424-8B9F-4604E26926FD}.AppStore|iPhone.ActiveCfg = Release|Any CPU
		{957C7387-7E1B-4424-8B9F-4604E26926FD}.AppStore|iPhone.Build.0 = Release|Any CPU
		{957C7387-7E1B-4424-8B9F-4604E26926FD}.AppStore|iPhoneSimulator.ActiveCfg = Release|Any CPU
		{957C7387-7E1B-4424-8B9F-4604E26926FD}.AppStore|iPhoneSimulator.Build.0 = Release|Any CPU
		{957C7387-7E1B-4424-8B9F-4604E26926FD}.AppStore|x64.ActiveCfg = Release|Any CPU
		{957C7387-7E1B-4424-8B9F-4604E26926FD}.AppStore|x64.Build.0 = Release|Any CPU
		{957C7387-7E1B-4424-8B9F-4604E26926FD}.AppStore|x86.ActiveCfg = Release|Any CPU
		{957C7387-7E1B-4424-8B9F-4604E26926FD}.AppStore|x86.Build.0 = Release|Any CPU
		{957C7387-7E1B-4424-8B9F-4604E26926FD}.Debug|Any CPU.ActiveCfg = Debug|Any CPU
		{957C7387-7E1B-4424-8B9F-4604E26926FD}.Debug|Any CPU.Build.0 = Debug|Any CPU
		{957C7387-7E1B-4424-8B9F-4604E26926FD}.Debug|ARM.ActiveCfg = Debug|Any CPU
		{957C7387-7E1B-4424-8B9F-4604E26926FD}.Debug|ARM.Build.0 = Debug|Any CPU
		{957C7387-7E1B-4424-8B9F-4604E26926FD}.Debug|iPhone.ActiveCfg = Debug|Any CPU
		{957C7387-7E1B-4424-8B9F-4604E26926FD}.Debug|iPhone.Build.0 = Debug|Any CPU
		{957C7387-7E1B-4424-8B9F-4604E26926FD}.Debug|iPhoneSimulator.ActiveCfg = Debug|Any CPU
		{957C7387-7E1B-4424-8B9F-4604E26926FD}.Debug|iPhoneSimulator.Build.0 = Debug|Any CPU
		{957C7387-7E1B-4424-8B9F-4604E26926FD}.Debug|x64.ActiveCfg = Debug|Any CPU
		{957C7387-7E1B-4424-8B9F-4604E26926FD}.Debug|x64.Build.0 = Debug|Any CPU
		{957C7387-7E1B-4424-8B9F-4604E26926FD}.Debug|x86.ActiveCfg = Debug|Any CPU
		{957C7387-7E1B-4424-8B9F-4604E26926FD}.Debug|x86.Build.0 = Debug|Any CPU
		{957C7387-7E1B-4424-8B9F-4604E26926FD}.Release|Any CPU.ActiveCfg = Release|Any CPU
		{957C7387-7E1B-4424-8B9F-4604E26926FD}.Release|Any CPU.Build.0 = Release|Any CPU
		{957C7387-7E1B-4424-8B9F-4604E26926FD}.Release|ARM.ActiveCfg = Release|Any CPU
		{957C7387-7E1B-4424-8B9F-4604E26926FD}.Release|ARM.Build.0 = Release|Any CPU
		{957C7387-7E1B-4424-8B9F-4604E26926FD}.Release|iPhone.ActiveCfg = Release|Any CPU
		{957C7387-7E1B-4424-8B9F-4604E26926FD}.Release|iPhone.Build.0 = Release|Any CPU
		{957C7387-7E1B-4424-8B9F-4604E26926FD}.Release|iPhoneSimulator.ActiveCfg = Release|Any CPU
		{957C7387-7E1B-4424-8B9F-4604E26926FD}.Release|iPhoneSimulator.Build.0 = Release|Any CPU
		{957C7387-7E1B-4424-8B9F-4604E26926FD}.Release|x64.ActiveCfg = Release|Any CPU
		{957C7387-7E1B-4424-8B9F-4604E26926FD}.Release|x64.Build.0 = Release|Any CPU
		{957C7387-7E1B-4424-8B9F-4604E26926FD}.Release|x86.ActiveCfg = Release|Any CPU
		{957C7387-7E1B-4424-8B9F-4604E26926FD}.Release|x86.Build.0 = Release|Any CPU
		{1A2294EE-6CC8-4833-9C40-A4AAC433F354}.Ad-Hoc|Any CPU.ActiveCfg = Release|Any CPU
		{1A2294EE-6CC8-4833-9C40-A4AAC433F354}.Ad-Hoc|Any CPU.Build.0 = Release|Any CPU
		{1A2294EE-6CC8-4833-9C40-A4AAC433F354}.Ad-Hoc|ARM.ActiveCfg = Release|Any CPU
		{1A2294EE-6CC8-4833-9C40-A4AAC433F354}.Ad-Hoc|ARM.Build.0 = Release|Any CPU
		{1A2294EE-6CC8-4833-9C40-A4AAC433F354}.Ad-Hoc|iPhone.ActiveCfg = Release|Any CPU
		{1A2294EE-6CC8-4833-9C40-A4AAC433F354}.Ad-Hoc|iPhone.Build.0 = Release|Any CPU
		{1A2294EE-6CC8-4833-9C40-A4AAC433F354}.Ad-Hoc|iPhoneSimulator.ActiveCfg = Release|Any CPU
		{1A2294EE-6CC8-4833-9C40-A4AAC433F354}.Ad-Hoc|iPhoneSimulator.Build.0 = Release|Any CPU
		{1A2294EE-6CC8-4833-9C40-A4AAC433F354}.Ad-Hoc|x64.ActiveCfg = Release|Any CPU
		{1A2294EE-6CC8-4833-9C40-A4AAC433F354}.Ad-Hoc|x64.Build.0 = Release|Any CPU
		{1A2294EE-6CC8-4833-9C40-A4AAC433F354}.Ad-Hoc|x86.ActiveCfg = Release|Any CPU
		{1A2294EE-6CC8-4833-9C40-A4AAC433F354}.Ad-Hoc|x86.Build.0 = Release|Any CPU
		{1A2294EE-6CC8-4833-9C40-A4AAC433F354}.AppStore|Any CPU.ActiveCfg = Release|Any CPU
		{1A2294EE-6CC8-4833-9C40-A4AAC433F354}.AppStore|Any CPU.Build.0 = Release|Any CPU
		{1A2294EE-6CC8-4833-9C40-A4AAC433F354}.AppStore|ARM.ActiveCfg = Release|Any CPU
		{1A2294EE-6CC8-4833-9C40-A4AAC433F354}.AppStore|ARM.Build.0 = Release|Any CPU
		{1A2294EE-6CC8-4833-9C40-A4AAC433F354}.AppStore|iPhone.ActiveCfg = Release|Any CPU
		{1A2294EE-6CC8-4833-9C40-A4AAC433F354}.AppStore|iPhone.Build.0 = Release|Any CPU
		{1A2294EE-6CC8-4833-9C40-A4AAC433F354}.AppStore|iPhoneSimulator.ActiveCfg = Release|Any CPU
		{1A2294EE-6CC8-4833-9C40-A4AAC433F354}.AppStore|iPhoneSimulator.Build.0 = Release|Any CPU
		{1A2294EE-6CC8-4833-9C40-A4AAC433F354}.AppStore|x64.ActiveCfg = Release|Any CPU
		{1A2294EE-6CC8-4833-9C40-A4AAC433F354}.AppStore|x64.Build.0 = Release|Any CPU
		{1A2294EE-6CC8-4833-9C40-A4AAC433F354}.AppStore|x86.ActiveCfg = Release|Any CPU
		{1A2294EE-6CC8-4833-9C40-A4AAC433F354}.AppStore|x86.Build.0 = Release|Any CPU
		{1A2294EE-6CC8-4833-9C40-A4AAC433F354}.Debug|Any CPU.ActiveCfg = Debug|Any CPU
		{1A2294EE-6CC8-4833-9C40-A4AAC433F354}.Debug|Any CPU.Build.0 = Debug|Any CPU
		{1A2294EE-6CC8-4833-9C40-A4AAC433F354}.Debug|ARM.ActiveCfg = Debug|Any CPU
		{1A2294EE-6CC8-4833-9C40-A4AAC433F354}.Debug|ARM.Build.0 = Debug|Any CPU
		{1A2294EE-6CC8-4833-9C40-A4AAC433F354}.Debug|iPhone.ActiveCfg = Debug|Any CPU
		{1A2294EE-6CC8-4833-9C40-A4AAC433F354}.Debug|iPhone.Build.0 = Debug|Any CPU
		{1A2294EE-6CC8-4833-9C40-A4AAC433F354}.Debug|iPhoneSimulator.ActiveCfg = Debug|Any CPU
		{1A2294EE-6CC8-4833-9C40-A4AAC433F354}.Debug|iPhoneSimulator.Build.0 = Debug|Any CPU
		{1A2294EE-6CC8-4833-9C40-A4AAC433F354}.Debug|x64.ActiveCfg = Debug|Any CPU
		{1A2294EE-6CC8-4833-9C40-A4AAC433F354}.Debug|x64.Build.0 = Debug|Any CPU
		{1A2294EE-6CC8-4833-9C40-A4AAC433F354}.Debug|x86.ActiveCfg = Debug|Any CPU
		{1A2294EE-6CC8-4833-9C40-A4AAC433F354}.Debug|x86.Build.0 = Debug|Any CPU
		{1A2294EE-6CC8-4833-9C40-A4AAC433F354}.Release|Any CPU.ActiveCfg = Release|Any CPU
		{1A2294EE-6CC8-4833-9C40-A4AAC433F354}.Release|Any CPU.Build.0 = Release|Any CPU
		{1A2294EE-6CC8-4833-9C40-A4AAC433F354}.Release|ARM.ActiveCfg = Release|Any CPU
		{1A2294EE-6CC8-4833-9C40-A4AAC433F354}.Release|ARM.Build.0 = Release|Any CPU
		{1A2294EE-6CC8-4833-9C40-A4AAC433F354}.Release|iPhone.ActiveCfg = Release|Any CPU
		{1A2294EE-6CC8-4833-9C40-A4AAC433F354}.Release|iPhone.Build.0 = Release|Any CPU
		{1A2294EE-6CC8-4833-9C40-A4AAC433F354}.Release|iPhoneSimulator.ActiveCfg = Release|Any CPU
		{1A2294EE-6CC8-4833-9C40-A4AAC433F354}.Release|iPhoneSimulator.Build.0 = Release|Any CPU
		{1A2294EE-6CC8-4833-9C40-A4AAC433F354}.Release|x64.ActiveCfg = Release|Any CPU
		{1A2294EE-6CC8-4833-9C40-A4AAC433F354}.Release|x64.Build.0 = Release|Any CPU
		{1A2294EE-6CC8-4833-9C40-A4AAC433F354}.Release|x86.ActiveCfg = Release|Any CPU
		{1A2294EE-6CC8-4833-9C40-A4AAC433F354}.Release|x86.Build.0 = Release|Any CPU
		{37F934A2-98FD-47C8-89E3-EB5583E894A1}.Ad-Hoc|Any CPU.ActiveCfg = Release|Any CPU
		{37F934A2-98FD-47C8-89E3-EB5583E894A1}.Ad-Hoc|Any CPU.Build.0 = Release|Any CPU
		{37F934A2-98FD-47C8-89E3-EB5583E894A1}.Ad-Hoc|ARM.ActiveCfg = Release|Any CPU
		{37F934A2-98FD-47C8-89E3-EB5583E894A1}.Ad-Hoc|ARM.Build.0 = Release|Any CPU
		{37F934A2-98FD-47C8-89E3-EB5583E894A1}.Ad-Hoc|iPhone.ActiveCfg = Release|Any CPU
		{37F934A2-98FD-47C8-89E3-EB5583E894A1}.Ad-Hoc|iPhone.Build.0 = Release|Any CPU
		{37F934A2-98FD-47C8-89E3-EB5583E894A1}.Ad-Hoc|iPhoneSimulator.ActiveCfg = Release|Any CPU
		{37F934A2-98FD-47C8-89E3-EB5583E894A1}.Ad-Hoc|iPhoneSimulator.Build.0 = Release|Any CPU
		{37F934A2-98FD-47C8-89E3-EB5583E894A1}.Ad-Hoc|x64.ActiveCfg = Release|Any CPU
		{37F934A2-98FD-47C8-89E3-EB5583E894A1}.Ad-Hoc|x64.Build.0 = Release|Any CPU
		{37F934A2-98FD-47C8-89E3-EB5583E894A1}.Ad-Hoc|x86.ActiveCfg = Release|Any CPU
		{37F934A2-98FD-47C8-89E3-EB5583E894A1}.Ad-Hoc|x86.Build.0 = Release|Any CPU
		{37F934A2-98FD-47C8-89E3-EB5583E894A1}.AppStore|Any CPU.ActiveCfg = Release|Any CPU
		{37F934A2-98FD-47C8-89E3-EB5583E894A1}.AppStore|Any CPU.Build.0 = Release|Any CPU
		{37F934A2-98FD-47C8-89E3-EB5583E894A1}.AppStore|ARM.ActiveCfg = Release|Any CPU
		{37F934A2-98FD-47C8-89E3-EB5583E894A1}.AppStore|ARM.Build.0 = Release|Any CPU
		{37F934A2-98FD-47C8-89E3-EB5583E894A1}.AppStore|iPhone.ActiveCfg = Release|Any CPU
		{37F934A2-98FD-47C8-89E3-EB5583E894A1}.AppStore|iPhone.Build.0 = Release|Any CPU
		{37F934A2-98FD-47C8-89E3-EB5583E894A1}.AppStore|iPhoneSimulator.ActiveCfg = Release|Any CPU
		{37F934A2-98FD-47C8-89E3-EB5583E894A1}.AppStore|iPhoneSimulator.Build.0 = Release|Any CPU
		{37F934A2-98FD-47C8-89E3-EB5583E894A1}.AppStore|x64.ActiveCfg = Release|Any CPU
		{37F934A2-98FD-47C8-89E3-EB5583E894A1}.AppStore|x64.Build.0 = Release|Any CPU
		{37F934A2-98FD-47C8-89E3-EB5583E894A1}.AppStore|x86.ActiveCfg = Release|Any CPU
		{37F934A2-98FD-47C8-89E3-EB5583E894A1}.AppStore|x86.Build.0 = Release|Any CPU
		{37F934A2-98FD-47C8-89E3-EB5583E894A1}.Debug|Any CPU.ActiveCfg = Debug|Any CPU
		{37F934A2-98FD-47C8-89E3-EB5583E894A1}.Debug|Any CPU.Build.0 = Debug|Any CPU
		{37F934A2-98FD-47C8-89E3-EB5583E894A1}.Debug|ARM.ActiveCfg = Debug|Any CPU
		{37F934A2-98FD-47C8-89E3-EB5583E894A1}.Debug|ARM.Build.0 = Debug|Any CPU
		{37F934A2-98FD-47C8-89E3-EB5583E894A1}.Debug|iPhone.ActiveCfg = Debug|Any CPU
		{37F934A2-98FD-47C8-89E3-EB5583E894A1}.Debug|iPhone.Build.0 = Debug|Any CPU
		{37F934A2-98FD-47C8-89E3-EB5583E894A1}.Debug|iPhoneSimulator.ActiveCfg = Debug|Any CPU
		{37F934A2-98FD-47C8-89E3-EB5583E894A1}.Debug|iPhoneSimulator.Build.0 = Debug|Any CPU
		{37F934A2-98FD-47C8-89E3-EB5583E894A1}.Debug|x64.ActiveCfg = Debug|Any CPU
		{37F934A2-98FD-47C8-89E3-EB5583E894A1}.Debug|x64.Build.0 = Debug|Any CPU
		{37F934A2-98FD-47C8-89E3-EB5583E894A1}.Debug|x86.ActiveCfg = Debug|Any CPU
		{37F934A2-98FD-47C8-89E3-EB5583E894A1}.Debug|x86.Build.0 = Debug|Any CPU
		{37F934A2-98FD-47C8-89E3-EB5583E894A1}.Release|Any CPU.ActiveCfg = Release|Any CPU
		{37F934A2-98FD-47C8-89E3-EB5583E894A1}.Release|Any CPU.Build.0 = Release|Any CPU
		{37F934A2-98FD-47C8-89E3-EB5583E894A1}.Release|ARM.ActiveCfg = Release|Any CPU
		{37F934A2-98FD-47C8-89E3-EB5583E894A1}.Release|ARM.Build.0 = Release|Any CPU
		{37F934A2-98FD-47C8-89E3-EB5583E894A1}.Release|iPhone.ActiveCfg = Release|Any CPU
		{37F934A2-98FD-47C8-89E3-EB5583E894A1}.Release|iPhone.Build.0 = Release|Any CPU
		{37F934A2-98FD-47C8-89E3-EB5583E894A1}.Release|iPhoneSimulator.ActiveCfg = Release|Any CPU
		{37F934A2-98FD-47C8-89E3-EB5583E894A1}.Release|iPhoneSimulator.Build.0 = Release|Any CPU
		{37F934A2-98FD-47C8-89E3-EB5583E894A1}.Release|x64.ActiveCfg = Release|Any CPU
		{37F934A2-98FD-47C8-89E3-EB5583E894A1}.Release|x64.Build.0 = Release|Any CPU
		{37F934A2-98FD-47C8-89E3-EB5583E894A1}.Release|x86.ActiveCfg = Release|Any CPU
		{37F934A2-98FD-47C8-89E3-EB5583E894A1}.Release|x86.Build.0 = Release|Any CPU
		{0405D42A-99B3-4ECA-967E-1E1305A572D2}.Ad-Hoc|Any CPU.ActiveCfg = Release|Any CPU
		{0405D42A-99B3-4ECA-967E-1E1305A572D2}.Ad-Hoc|Any CPU.Build.0 = Release|Any CPU
		{0405D42A-99B3-4ECA-967E-1E1305A572D2}.Ad-Hoc|ARM.ActiveCfg = Release|ARM
		{0405D42A-99B3-4ECA-967E-1E1305A572D2}.Ad-Hoc|ARM.Build.0 = Release|ARM
		{0405D42A-99B3-4ECA-967E-1E1305A572D2}.Ad-Hoc|iPhone.ActiveCfg = Release|Any CPU
		{0405D42A-99B3-4ECA-967E-1E1305A572D2}.Ad-Hoc|iPhone.Build.0 = Release|Any CPU
		{0405D42A-99B3-4ECA-967E-1E1305A572D2}.Ad-Hoc|iPhoneSimulator.ActiveCfg = Release|Any CPU
		{0405D42A-99B3-4ECA-967E-1E1305A572D2}.Ad-Hoc|iPhoneSimulator.Build.0 = Release|Any CPU
		{0405D42A-99B3-4ECA-967E-1E1305A572D2}.Ad-Hoc|x64.ActiveCfg = Release|x64
		{0405D42A-99B3-4ECA-967E-1E1305A572D2}.Ad-Hoc|x64.Build.0 = Release|x64
		{0405D42A-99B3-4ECA-967E-1E1305A572D2}.Ad-Hoc|x86.ActiveCfg = Release|x86
		{0405D42A-99B3-4ECA-967E-1E1305A572D2}.Ad-Hoc|x86.Build.0 = Release|x86
		{0405D42A-99B3-4ECA-967E-1E1305A572D2}.AppStore|Any CPU.ActiveCfg = Release|Any CPU
		{0405D42A-99B3-4ECA-967E-1E1305A572D2}.AppStore|Any CPU.Build.0 = Release|Any CPU
		{0405D42A-99B3-4ECA-967E-1E1305A572D2}.AppStore|ARM.ActiveCfg = Release|ARM
		{0405D42A-99B3-4ECA-967E-1E1305A572D2}.AppStore|ARM.Build.0 = Release|ARM
		{0405D42A-99B3-4ECA-967E-1E1305A572D2}.AppStore|iPhone.ActiveCfg = Release|Any CPU
		{0405D42A-99B3-4ECA-967E-1E1305A572D2}.AppStore|iPhone.Build.0 = Release|Any CPU
		{0405D42A-99B3-4ECA-967E-1E1305A572D2}.AppStore|iPhoneSimulator.ActiveCfg = Release|Any CPU
		{0405D42A-99B3-4ECA-967E-1E1305A572D2}.AppStore|iPhoneSimulator.Build.0 = Release|Any CPU
		{0405D42A-99B3-4ECA-967E-1E1305A572D2}.AppStore|x64.ActiveCfg = Release|x64
		{0405D42A-99B3-4ECA-967E-1E1305A572D2}.AppStore|x64.Build.0 = Release|x64
		{0405D42A-99B3-4ECA-967E-1E1305A572D2}.AppStore|x86.ActiveCfg = Release|x86
		{0405D42A-99B3-4ECA-967E-1E1305A572D2}.AppStore|x86.Build.0 = Release|x86
		{0405D42A-99B3-4ECA-967E-1E1305A572D2}.Debug|Any CPU.ActiveCfg = Debug|Any CPU
		{0405D42A-99B3-4ECA-967E-1E1305A572D2}.Debug|Any CPU.Build.0 = Debug|Any CPU
		{0405D42A-99B3-4ECA-967E-1E1305A572D2}.Debug|ARM.ActiveCfg = Debug|ARM
		{0405D42A-99B3-4ECA-967E-1E1305A572D2}.Debug|ARM.Build.0 = Debug|ARM
		{0405D42A-99B3-4ECA-967E-1E1305A572D2}.Debug|iPhone.ActiveCfg = Debug|Any CPU
		{0405D42A-99B3-4ECA-967E-1E1305A572D2}.Debug|iPhone.Build.0 = Debug|Any CPU
		{0405D42A-99B3-4ECA-967E-1E1305A572D2}.Debug|iPhoneSimulator.ActiveCfg = Debug|Any CPU
		{0405D42A-99B3-4ECA-967E-1E1305A572D2}.Debug|iPhoneSimulator.Build.0 = Debug|Any CPU
		{0405D42A-99B3-4ECA-967E-1E1305A572D2}.Debug|x64.ActiveCfg = Debug|x64
		{0405D42A-99B3-4ECA-967E-1E1305A572D2}.Debug|x64.Build.0 = Debug|x64
		{0405D42A-99B3-4ECA-967E-1E1305A572D2}.Debug|x86.ActiveCfg = Debug|x86
		{0405D42A-99B3-4ECA-967E-1E1305A572D2}.Debug|x86.Build.0 = Debug|x86
		{0405D42A-99B3-4ECA-967E-1E1305A572D2}.Release|Any CPU.ActiveCfg = Release|Any CPU
		{0405D42A-99B3-4ECA-967E-1E1305A572D2}.Release|Any CPU.Build.0 = Release|Any CPU
		{0405D42A-99B3-4ECA-967E-1E1305A572D2}.Release|ARM.ActiveCfg = Release|ARM
		{0405D42A-99B3-4ECA-967E-1E1305A572D2}.Release|ARM.Build.0 = Release|ARM
		{0405D42A-99B3-4ECA-967E-1E1305A572D2}.Release|iPhone.ActiveCfg = Release|Any CPU
		{0405D42A-99B3-4ECA-967E-1E1305A572D2}.Release|iPhone.Build.0 = Release|Any CPU
		{0405D42A-99B3-4ECA-967E-1E1305A572D2}.Release|iPhoneSimulator.ActiveCfg = Release|Any CPU
		{0405D42A-99B3-4ECA-967E-1E1305A572D2}.Release|iPhoneSimulator.Build.0 = Release|Any CPU
		{0405D42A-99B3-4ECA-967E-1E1305A572D2}.Release|x64.ActiveCfg = Release|x64
		{0405D42A-99B3-4ECA-967E-1E1305A572D2}.Release|x64.Build.0 = Release|x64
		{0405D42A-99B3-4ECA-967E-1E1305A572D2}.Release|x86.ActiveCfg = Release|x86
		{0405D42A-99B3-4ECA-967E-1E1305A572D2}.Release|x86.Build.0 = Release|x86
		{92CEB238-1AD5-4E50-9425-44FF2C15E5CD}.Ad-Hoc|Any CPU.ActiveCfg = Release|Any CPU
		{92CEB238-1AD5-4E50-9425-44FF2C15E5CD}.Ad-Hoc|Any CPU.Build.0 = Release|Any CPU
		{92CEB238-1AD5-4E50-9425-44FF2C15E5CD}.Ad-Hoc|ARM.ActiveCfg = Release|Any CPU
		{92CEB238-1AD5-4E50-9425-44FF2C15E5CD}.Ad-Hoc|ARM.Build.0 = Release|Any CPU
		{92CEB238-1AD5-4E50-9425-44FF2C15E5CD}.Ad-Hoc|iPhone.ActiveCfg = Release|Any CPU
		{92CEB238-1AD5-4E50-9425-44FF2C15E5CD}.Ad-Hoc|iPhone.Build.0 = Release|Any CPU
		{92CEB238-1AD5-4E50-9425-44FF2C15E5CD}.Ad-Hoc|iPhoneSimulator.ActiveCfg = Release|Any CPU
		{92CEB238-1AD5-4E50-9425-44FF2C15E5CD}.Ad-Hoc|iPhoneSimulator.Build.0 = Release|Any CPU
		{92CEB238-1AD5-4E50-9425-44FF2C15E5CD}.Ad-Hoc|x64.ActiveCfg = Release|Any CPU
		{92CEB238-1AD5-4E50-9425-44FF2C15E5CD}.Ad-Hoc|x64.Build.0 = Release|Any CPU
		{92CEB238-1AD5-4E50-9425-44FF2C15E5CD}.Ad-Hoc|x86.ActiveCfg = Release|Any CPU
		{92CEB238-1AD5-4E50-9425-44FF2C15E5CD}.Ad-Hoc|x86.Build.0 = Release|Any CPU
		{92CEB238-1AD5-4E50-9425-44FF2C15E5CD}.AppStore|Any CPU.ActiveCfg = Release|Any CPU
		{92CEB238-1AD5-4E50-9425-44FF2C15E5CD}.AppStore|Any CPU.Build.0 = Release|Any CPU
		{92CEB238-1AD5-4E50-9425-44FF2C15E5CD}.AppStore|ARM.ActiveCfg = Release|Any CPU
		{92CEB238-1AD5-4E50-9425-44FF2C15E5CD}.AppStore|ARM.Build.0 = Release|Any CPU
		{92CEB238-1AD5-4E50-9425-44FF2C15E5CD}.AppStore|iPhone.ActiveCfg = Release|Any CPU
		{92CEB238-1AD5-4E50-9425-44FF2C15E5CD}.AppStore|iPhone.Build.0 = Release|Any CPU
		{92CEB238-1AD5-4E50-9425-44FF2C15E5CD}.AppStore|iPhoneSimulator.ActiveCfg = Release|Any CPU
		{92CEB238-1AD5-4E50-9425-44FF2C15E5CD}.AppStore|iPhoneSimulator.Build.0 = Release|Any CPU
		{92CEB238-1AD5-4E50-9425-44FF2C15E5CD}.AppStore|x64.ActiveCfg = Release|Any CPU
		{92CEB238-1AD5-4E50-9425-44FF2C15E5CD}.AppStore|x64.Build.0 = Release|Any CPU
		{92CEB238-1AD5-4E50-9425-44FF2C15E5CD}.AppStore|x86.ActiveCfg = Release|Any CPU
		{92CEB238-1AD5-4E50-9425-44FF2C15E5CD}.AppStore|x86.Build.0 = Release|Any CPU
		{92CEB238-1AD5-4E50-9425-44FF2C15E5CD}.Debug|Any CPU.ActiveCfg = Debug|Any CPU
		{92CEB238-1AD5-4E50-9425-44FF2C15E5CD}.Debug|Any CPU.Build.0 = Debug|Any CPU
		{92CEB238-1AD5-4E50-9425-44FF2C15E5CD}.Debug|ARM.ActiveCfg = Debug|Any CPU
		{92CEB238-1AD5-4E50-9425-44FF2C15E5CD}.Debug|ARM.Build.0 = Debug|Any CPU
		{92CEB238-1AD5-4E50-9425-44FF2C15E5CD}.Debug|iPhone.ActiveCfg = Debug|Any CPU
		{92CEB238-1AD5-4E50-9425-44FF2C15E5CD}.Debug|iPhone.Build.0 = Debug|Any CPU
		{92CEB238-1AD5-4E50-9425-44FF2C15E5CD}.Debug|iPhoneSimulator.ActiveCfg = Debug|Any CPU
		{92CEB238-1AD5-4E50-9425-44FF2C15E5CD}.Debug|iPhoneSimulator.Build.0 = Debug|Any CPU
		{92CEB238-1AD5-4E50-9425-44FF2C15E5CD}.Debug|x64.ActiveCfg = Debug|Any CPU
		{92CEB238-1AD5-4E50-9425-44FF2C15E5CD}.Debug|x64.Build.0 = Debug|Any CPU
		{92CEB238-1AD5-4E50-9425-44FF2C15E5CD}.Debug|x86.ActiveCfg = Debug|Any CPU
		{92CEB238-1AD5-4E50-9425-44FF2C15E5CD}.Debug|x86.Build.0 = Debug|Any CPU
		{92CEB238-1AD5-4E50-9425-44FF2C15E5CD}.Release|Any CPU.ActiveCfg = Release|Any CPU
		{92CEB238-1AD5-4E50-9425-44FF2C15E5CD}.Release|Any CPU.Build.0 = Release|Any CPU
		{92CEB238-1AD5-4E50-9425-44FF2C15E5CD}.Release|ARM.ActiveCfg = Release|Any CPU
		{92CEB238-1AD5-4E50-9425-44FF2C15E5CD}.Release|ARM.Build.0 = Release|Any CPU
		{92CEB238-1AD5-4E50-9425-44FF2C15E5CD}.Release|iPhone.ActiveCfg = Release|Any CPU
		{92CEB238-1AD5-4E50-9425-44FF2C15E5CD}.Release|iPhone.Build.0 = Release|Any CPU
		{92CEB238-1AD5-4E50-9425-44FF2C15E5CD}.Release|iPhoneSimulator.ActiveCfg = Release|Any CPU
		{92CEB238-1AD5-4E50-9425-44FF2C15E5CD}.Release|iPhoneSimulator.Build.0 = Release|Any CPU
		{92CEB238-1AD5-4E50-9425-44FF2C15E5CD}.Release|x64.ActiveCfg = Release|Any CPU
		{92CEB238-1AD5-4E50-9425-44FF2C15E5CD}.Release|x64.Build.0 = Release|Any CPU
		{92CEB238-1AD5-4E50-9425-44FF2C15E5CD}.Release|x86.ActiveCfg = Release|Any CPU
		{92CEB238-1AD5-4E50-9425-44FF2C15E5CD}.Release|x86.Build.0 = Release|Any CPU
		{69AD6D0A-2355-406B-8A10-85EE7973CD70}.Ad-Hoc|Any CPU.ActiveCfg = Release|Any CPU
		{69AD6D0A-2355-406B-8A10-85EE7973CD70}.Ad-Hoc|Any CPU.Build.0 = Release|Any CPU
		{69AD6D0A-2355-406B-8A10-85EE7973CD70}.Ad-Hoc|Any CPU.Deploy.0 = Release|Any CPU
		{69AD6D0A-2355-406B-8A10-85EE7973CD70}.Ad-Hoc|ARM.ActiveCfg = Release|Any CPU
		{69AD6D0A-2355-406B-8A10-85EE7973CD70}.Ad-Hoc|ARM.Build.0 = Release|Any CPU
		{69AD6D0A-2355-406B-8A10-85EE7973CD70}.Ad-Hoc|ARM.Deploy.0 = Release|Any CPU
		{69AD6D0A-2355-406B-8A10-85EE7973CD70}.Ad-Hoc|iPhone.ActiveCfg = Release|Any CPU
		{69AD6D0A-2355-406B-8A10-85EE7973CD70}.Ad-Hoc|iPhone.Build.0 = Release|Any CPU
		{69AD6D0A-2355-406B-8A10-85EE7973CD70}.Ad-Hoc|iPhone.Deploy.0 = Release|Any CPU
		{69AD6D0A-2355-406B-8A10-85EE7973CD70}.Ad-Hoc|iPhoneSimulator.ActiveCfg = Release|Any CPU
		{69AD6D0A-2355-406B-8A10-85EE7973CD70}.Ad-Hoc|iPhoneSimulator.Build.0 = Release|Any CPU
		{69AD6D0A-2355-406B-8A10-85EE7973CD70}.Ad-Hoc|iPhoneSimulator.Deploy.0 = Release|Any CPU
		{69AD6D0A-2355-406B-8A10-85EE7973CD70}.Ad-Hoc|x64.ActiveCfg = Release|Any CPU
		{69AD6D0A-2355-406B-8A10-85EE7973CD70}.Ad-Hoc|x64.Build.0 = Release|Any CPU
		{69AD6D0A-2355-406B-8A10-85EE7973CD70}.Ad-Hoc|x64.Deploy.0 = Release|Any CPU
		{69AD6D0A-2355-406B-8A10-85EE7973CD70}.Ad-Hoc|x86.ActiveCfg = Release|Any CPU
		{69AD6D0A-2355-406B-8A10-85EE7973CD70}.Ad-Hoc|x86.Build.0 = Release|Any CPU
		{69AD6D0A-2355-406B-8A10-85EE7973CD70}.Ad-Hoc|x86.Deploy.0 = Release|Any CPU
		{69AD6D0A-2355-406B-8A10-85EE7973CD70}.AppStore|Any CPU.ActiveCfg = Release|Any CPU
		{69AD6D0A-2355-406B-8A10-85EE7973CD70}.AppStore|Any CPU.Build.0 = Release|Any CPU
		{69AD6D0A-2355-406B-8A10-85EE7973CD70}.AppStore|Any CPU.Deploy.0 = Release|Any CPU
		{69AD6D0A-2355-406B-8A10-85EE7973CD70}.AppStore|ARM.ActiveCfg = Release|Any CPU
		{69AD6D0A-2355-406B-8A10-85EE7973CD70}.AppStore|ARM.Build.0 = Release|Any CPU
		{69AD6D0A-2355-406B-8A10-85EE7973CD70}.AppStore|ARM.Deploy.0 = Release|Any CPU
		{69AD6D0A-2355-406B-8A10-85EE7973CD70}.AppStore|iPhone.ActiveCfg = Release|Any CPU
		{69AD6D0A-2355-406B-8A10-85EE7973CD70}.AppStore|iPhone.Build.0 = Release|Any CPU
		{69AD6D0A-2355-406B-8A10-85EE7973CD70}.AppStore|iPhone.Deploy.0 = Release|Any CPU
		{69AD6D0A-2355-406B-8A10-85EE7973CD70}.AppStore|iPhoneSimulator.ActiveCfg = Release|Any CPU
		{69AD6D0A-2355-406B-8A10-85EE7973CD70}.AppStore|iPhoneSimulator.Build.0 = Release|Any CPU
		{69AD6D0A-2355-406B-8A10-85EE7973CD70}.AppStore|iPhoneSimulator.Deploy.0 = Release|Any CPU
		{69AD6D0A-2355-406B-8A10-85EE7973CD70}.AppStore|x64.ActiveCfg = Release|Any CPU
		{69AD6D0A-2355-406B-8A10-85EE7973CD70}.AppStore|x64.Build.0 = Release|Any CPU
		{69AD6D0A-2355-406B-8A10-85EE7973CD70}.AppStore|x64.Deploy.0 = Release|Any CPU
		{69AD6D0A-2355-406B-8A10-85EE7973CD70}.AppStore|x86.ActiveCfg = Release|Any CPU
		{69AD6D0A-2355-406B-8A10-85EE7973CD70}.AppStore|x86.Build.0 = Release|Any CPU
		{69AD6D0A-2355-406B-8A10-85EE7973CD70}.AppStore|x86.Deploy.0 = Release|Any CPU
		{69AD6D0A-2355-406B-8A10-85EE7973CD70}.Debug|Any CPU.ActiveCfg = Debug|Any CPU
		{69AD6D0A-2355-406B-8A10-85EE7973CD70}.Debug|Any CPU.Build.0 = Debug|Any CPU
		{69AD6D0A-2355-406B-8A10-85EE7973CD70}.Debug|Any CPU.Deploy.0 = Debug|Any CPU
		{69AD6D0A-2355-406B-8A10-85EE7973CD70}.Debug|ARM.ActiveCfg = Debug|Any CPU
		{69AD6D0A-2355-406B-8A10-85EE7973CD70}.Debug|ARM.Build.0 = Debug|Any CPU
		{69AD6D0A-2355-406B-8A10-85EE7973CD70}.Debug|ARM.Deploy.0 = Debug|Any CPU
		{69AD6D0A-2355-406B-8A10-85EE7973CD70}.Debug|iPhone.ActiveCfg = Debug|Any CPU
		{69AD6D0A-2355-406B-8A10-85EE7973CD70}.Debug|iPhone.Build.0 = Debug|Any CPU
		{69AD6D0A-2355-406B-8A10-85EE7973CD70}.Debug|iPhone.Deploy.0 = Debug|Any CPU
		{69AD6D0A-2355-406B-8A10-85EE7973CD70}.Debug|iPhoneSimulator.ActiveCfg = Debug|Any CPU
		{69AD6D0A-2355-406B-8A10-85EE7973CD70}.Debug|iPhoneSimulator.Build.0 = Debug|Any CPU
		{69AD6D0A-2355-406B-8A10-85EE7973CD70}.Debug|iPhoneSimulator.Deploy.0 = Debug|Any CPU
		{69AD6D0A-2355-406B-8A10-85EE7973CD70}.Debug|x64.ActiveCfg = Debug|Any CPU
		{69AD6D0A-2355-406B-8A10-85EE7973CD70}.Debug|x64.Build.0 = Debug|Any CPU
		{69AD6D0A-2355-406B-8A10-85EE7973CD70}.Debug|x64.Deploy.0 = Debug|Any CPU
		{69AD6D0A-2355-406B-8A10-85EE7973CD70}.Debug|x86.ActiveCfg = Debug|Any CPU
		{69AD6D0A-2355-406B-8A10-85EE7973CD70}.Debug|x86.Build.0 = Debug|Any CPU
		{69AD6D0A-2355-406B-8A10-85EE7973CD70}.Debug|x86.Deploy.0 = Debug|Any CPU
		{69AD6D0A-2355-406B-8A10-85EE7973CD70}.Release|Any CPU.ActiveCfg = Release|Any CPU
		{69AD6D0A-2355-406B-8A10-85EE7973CD70}.Release|Any CPU.Build.0 = Release|Any CPU
		{69AD6D0A-2355-406B-8A10-85EE7973CD70}.Release|Any CPU.Deploy.0 = Release|Any CPU
		{69AD6D0A-2355-406B-8A10-85EE7973CD70}.Release|ARM.ActiveCfg = Release|Any CPU
		{69AD6D0A-2355-406B-8A10-85EE7973CD70}.Release|ARM.Build.0 = Release|Any CPU
		{69AD6D0A-2355-406B-8A10-85EE7973CD70}.Release|ARM.Deploy.0 = Release|Any CPU
		{69AD6D0A-2355-406B-8A10-85EE7973CD70}.Release|iPhone.ActiveCfg = Release|Any CPU
		{69AD6D0A-2355-406B-8A10-85EE7973CD70}.Release|iPhone.Build.0 = Release|Any CPU
		{69AD6D0A-2355-406B-8A10-85EE7973CD70}.Release|iPhone.Deploy.0 = Release|Any CPU
		{69AD6D0A-2355-406B-8A10-85EE7973CD70}.Release|iPhoneSimulator.ActiveCfg = Release|Any CPU
		{69AD6D0A-2355-406B-8A10-85EE7973CD70}.Release|iPhoneSimulator.Build.0 = Release|Any CPU
		{69AD6D0A-2355-406B-8A10-85EE7973CD70}.Release|iPhoneSimulator.Deploy.0 = Release|Any CPU
		{69AD6D0A-2355-406B-8A10-85EE7973CD70}.Release|x64.ActiveCfg = Release|Any CPU
		{69AD6D0A-2355-406B-8A10-85EE7973CD70}.Release|x64.Build.0 = Release|Any CPU
		{69AD6D0A-2355-406B-8A10-85EE7973CD70}.Release|x64.Deploy.0 = Release|Any CPU
		{69AD6D0A-2355-406B-8A10-85EE7973CD70}.Release|x86.ActiveCfg = Release|Any CPU
		{69AD6D0A-2355-406B-8A10-85EE7973CD70}.Release|x86.Build.0 = Release|Any CPU
		{69AD6D0A-2355-406B-8A10-85EE7973CD70}.Release|x86.Deploy.0 = Release|Any CPU
		{572B6EFD-EB6D-4950-80E5-56FE4134AE6A}.Ad-Hoc|Any CPU.ActiveCfg = Ad-Hoc|iPhone
		{572B6EFD-EB6D-4950-80E5-56FE4134AE6A}.Ad-Hoc|ARM.ActiveCfg = Ad-Hoc|iPhone
		{572B6EFD-EB6D-4950-80E5-56FE4134AE6A}.Ad-Hoc|iPhone.ActiveCfg = Ad-Hoc|iPhone
		{572B6EFD-EB6D-4950-80E5-56FE4134AE6A}.Ad-Hoc|iPhone.Build.0 = Ad-Hoc|iPhone
		{572B6EFD-EB6D-4950-80E5-56FE4134AE6A}.Ad-Hoc|iPhoneSimulator.ActiveCfg = Ad-Hoc|iPhoneSimulator
		{572B6EFD-EB6D-4950-80E5-56FE4134AE6A}.Ad-Hoc|iPhoneSimulator.Build.0 = Ad-Hoc|iPhoneSimulator
		{572B6EFD-EB6D-4950-80E5-56FE4134AE6A}.Ad-Hoc|x64.ActiveCfg = Ad-Hoc|iPhone
		{572B6EFD-EB6D-4950-80E5-56FE4134AE6A}.Ad-Hoc|x86.ActiveCfg = Ad-Hoc|iPhone
		{572B6EFD-EB6D-4950-80E5-56FE4134AE6A}.AppStore|Any CPU.ActiveCfg = AppStore|iPhone
		{572B6EFD-EB6D-4950-80E5-56FE4134AE6A}.AppStore|ARM.ActiveCfg = AppStore|iPhone
		{572B6EFD-EB6D-4950-80E5-56FE4134AE6A}.AppStore|iPhone.ActiveCfg = AppStore|iPhone
		{572B6EFD-EB6D-4950-80E5-56FE4134AE6A}.AppStore|iPhone.Build.0 = AppStore|iPhone
		{572B6EFD-EB6D-4950-80E5-56FE4134AE6A}.AppStore|iPhoneSimulator.ActiveCfg = AppStore|iPhoneSimulator
		{572B6EFD-EB6D-4950-80E5-56FE4134AE6A}.AppStore|iPhoneSimulator.Build.0 = AppStore|iPhoneSimulator
		{572B6EFD-EB6D-4950-80E5-56FE4134AE6A}.AppStore|x64.ActiveCfg = AppStore|iPhone
		{572B6EFD-EB6D-4950-80E5-56FE4134AE6A}.AppStore|x86.ActiveCfg = AppStore|iPhone
		{572B6EFD-EB6D-4950-80E5-56FE4134AE6A}.Debug|Any CPU.ActiveCfg = Debug|iPhone
		{572B6EFD-EB6D-4950-80E5-56FE4134AE6A}.Debug|ARM.ActiveCfg = Debug|iPhone
		{572B6EFD-EB6D-4950-80E5-56FE4134AE6A}.Debug|iPhone.ActiveCfg = Debug|iPhone
		{572B6EFD-EB6D-4950-80E5-56FE4134AE6A}.Debug|iPhone.Build.0 = Debug|iPhone
		{572B6EFD-EB6D-4950-80E5-56FE4134AE6A}.Debug|iPhoneSimulator.ActiveCfg = Debug|iPhoneSimulator
		{572B6EFD-EB6D-4950-80E5-56FE4134AE6A}.Debug|iPhoneSimulator.Build.0 = Debug|iPhoneSimulator
		{572B6EFD-EB6D-4950-80E5-56FE4134AE6A}.Debug|x64.ActiveCfg = Debug|iPhone
		{572B6EFD-EB6D-4950-80E5-56FE4134AE6A}.Debug|x86.ActiveCfg = Debug|iPhone
		{572B6EFD-EB6D-4950-80E5-56FE4134AE6A}.Release|Any CPU.ActiveCfg = Release|iPhone
		{572B6EFD-EB6D-4950-80E5-56FE4134AE6A}.Release|ARM.ActiveCfg = Release|iPhone
		{572B6EFD-EB6D-4950-80E5-56FE4134AE6A}.Release|iPhone.ActiveCfg = Release|iPhone
		{572B6EFD-EB6D-4950-80E5-56FE4134AE6A}.Release|iPhone.Build.0 = Release|iPhone
		{572B6EFD-EB6D-4950-80E5-56FE4134AE6A}.Release|iPhoneSimulator.ActiveCfg = Release|iPhoneSimulator
		{572B6EFD-EB6D-4950-80E5-56FE4134AE6A}.Release|iPhoneSimulator.Build.0 = Release|iPhoneSimulator
		{572B6EFD-EB6D-4950-80E5-56FE4134AE6A}.Release|x64.ActiveCfg = Release|iPhone
		{572B6EFD-EB6D-4950-80E5-56FE4134AE6A}.Release|x86.ActiveCfg = Release|iPhone
		{B0E3FD82-79CF-49DF-A265-E046CCFCE3BF}.Ad-Hoc|Any CPU.ActiveCfg = Release|x86
		{B0E3FD82-79CF-49DF-A265-E046CCFCE3BF}.Ad-Hoc|Any CPU.Build.0 = Release|x86
		{B0E3FD82-79CF-49DF-A265-E046CCFCE3BF}.Ad-Hoc|Any CPU.Deploy.0 = Release|x86
		{B0E3FD82-79CF-49DF-A265-E046CCFCE3BF}.Ad-Hoc|ARM.ActiveCfg = Release|ARM
		{B0E3FD82-79CF-49DF-A265-E046CCFCE3BF}.Ad-Hoc|ARM.Build.0 = Release|ARM
		{B0E3FD82-79CF-49DF-A265-E046CCFCE3BF}.Ad-Hoc|ARM.Deploy.0 = Release|ARM
		{B0E3FD82-79CF-49DF-A265-E046CCFCE3BF}.Ad-Hoc|iPhone.ActiveCfg = Release|x86
		{B0E3FD82-79CF-49DF-A265-E046CCFCE3BF}.Ad-Hoc|iPhone.Build.0 = Release|x86
		{B0E3FD82-79CF-49DF-A265-E046CCFCE3BF}.Ad-Hoc|iPhone.Deploy.0 = Release|x86
		{B0E3FD82-79CF-49DF-A265-E046CCFCE3BF}.Ad-Hoc|iPhoneSimulator.ActiveCfg = Release|x86
		{B0E3FD82-79CF-49DF-A265-E046CCFCE3BF}.Ad-Hoc|iPhoneSimulator.Build.0 = Release|x86
		{B0E3FD82-79CF-49DF-A265-E046CCFCE3BF}.Ad-Hoc|iPhoneSimulator.Deploy.0 = Release|x86
		{B0E3FD82-79CF-49DF-A265-E046CCFCE3BF}.Ad-Hoc|x64.ActiveCfg = Release|x64
		{B0E3FD82-79CF-49DF-A265-E046CCFCE3BF}.Ad-Hoc|x64.Build.0 = Release|x64
		{B0E3FD82-79CF-49DF-A265-E046CCFCE3BF}.Ad-Hoc|x64.Deploy.0 = Release|x64
		{B0E3FD82-79CF-49DF-A265-E046CCFCE3BF}.Ad-Hoc|x86.ActiveCfg = Release|x86
		{B0E3FD82-79CF-49DF-A265-E046CCFCE3BF}.Ad-Hoc|x86.Build.0 = Release|x86
		{B0E3FD82-79CF-49DF-A265-E046CCFCE3BF}.Ad-Hoc|x86.Deploy.0 = Release|x86
		{B0E3FD82-79CF-49DF-A265-E046CCFCE3BF}.AppStore|Any CPU.ActiveCfg = Release|x86
		{B0E3FD82-79CF-49DF-A265-E046CCFCE3BF}.AppStore|Any CPU.Build.0 = Release|x86
		{B0E3FD82-79CF-49DF-A265-E046CCFCE3BF}.AppStore|Any CPU.Deploy.0 = Release|x86
		{B0E3FD82-79CF-49DF-A265-E046CCFCE3BF}.AppStore|ARM.ActiveCfg = Release|ARM
		{B0E3FD82-79CF-49DF-A265-E046CCFCE3BF}.AppStore|ARM.Build.0 = Release|ARM
		{B0E3FD82-79CF-49DF-A265-E046CCFCE3BF}.AppStore|ARM.Deploy.0 = Release|ARM
		{B0E3FD82-79CF-49DF-A265-E046CCFCE3BF}.AppStore|iPhone.ActiveCfg = Release|x86
		{B0E3FD82-79CF-49DF-A265-E046CCFCE3BF}.AppStore|iPhone.Build.0 = Release|x86
		{B0E3FD82-79CF-49DF-A265-E046CCFCE3BF}.AppStore|iPhone.Deploy.0 = Release|x86
		{B0E3FD82-79CF-49DF-A265-E046CCFCE3BF}.AppStore|iPhoneSimulator.ActiveCfg = Release|x86
		{B0E3FD82-79CF-49DF-A265-E046CCFCE3BF}.AppStore|iPhoneSimulator.Build.0 = Release|x86
		{B0E3FD82-79CF-49DF-A265-E046CCFCE3BF}.AppStore|iPhoneSimulator.Deploy.0 = Release|x86
		{B0E3FD82-79CF-49DF-A265-E046CCFCE3BF}.AppStore|x64.ActiveCfg = Release|x64
		{B0E3FD82-79CF-49DF-A265-E046CCFCE3BF}.AppStore|x64.Build.0 = Release|x64
		{B0E3FD82-79CF-49DF-A265-E046CCFCE3BF}.AppStore|x64.Deploy.0 = Release|x64
		{B0E3FD82-79CF-49DF-A265-E046CCFCE3BF}.AppStore|x86.ActiveCfg = Release|x86
		{B0E3FD82-79CF-49DF-A265-E046CCFCE3BF}.AppStore|x86.Build.0 = Release|x86
		{B0E3FD82-79CF-49DF-A265-E046CCFCE3BF}.AppStore|x86.Deploy.0 = Release|x86
		{B0E3FD82-79CF-49DF-A265-E046CCFCE3BF}.Debug|Any CPU.ActiveCfg = Debug|x86
		{B0E3FD82-79CF-49DF-A265-E046CCFCE3BF}.Debug|ARM.ActiveCfg = Debug|ARM
		{B0E3FD82-79CF-49DF-A265-E046CCFCE3BF}.Debug|ARM.Build.0 = Debug|ARM
		{B0E3FD82-79CF-49DF-A265-E046CCFCE3BF}.Debug|ARM.Deploy.0 = Debug|ARM
		{B0E3FD82-79CF-49DF-A265-E046CCFCE3BF}.Debug|iPhone.ActiveCfg = Debug|x86
		{B0E3FD82-79CF-49DF-A265-E046CCFCE3BF}.Debug|iPhoneSimulator.ActiveCfg = Debug|x86
		{B0E3FD82-79CF-49DF-A265-E046CCFCE3BF}.Debug|x64.ActiveCfg = Debug|x64
		{B0E3FD82-79CF-49DF-A265-E046CCFCE3BF}.Debug|x64.Build.0 = Debug|x64
		{B0E3FD82-79CF-49DF-A265-E046CCFCE3BF}.Debug|x64.Deploy.0 = Debug|x64
		{B0E3FD82-79CF-49DF-A265-E046CCFCE3BF}.Debug|x86.ActiveCfg = Debug|x86
		{B0E3FD82-79CF-49DF-A265-E046CCFCE3BF}.Debug|x86.Build.0 = Debug|x86
		{B0E3FD82-79CF-49DF-A265-E046CCFCE3BF}.Debug|x86.Deploy.0 = Debug|x86
		{B0E3FD82-79CF-49DF-A265-E046CCFCE3BF}.Release|Any CPU.ActiveCfg = Release|x86
		{B0E3FD82-79CF-49DF-A265-E046CCFCE3BF}.Release|ARM.ActiveCfg = Release|ARM
		{B0E3FD82-79CF-49DF-A265-E046CCFCE3BF}.Release|ARM.Build.0 = Release|ARM
		{B0E3FD82-79CF-49DF-A265-E046CCFCE3BF}.Release|ARM.Deploy.0 = Release|ARM
		{B0E3FD82-79CF-49DF-A265-E046CCFCE3BF}.Release|iPhone.ActiveCfg = Release|x86
		{B0E3FD82-79CF-49DF-A265-E046CCFCE3BF}.Release|iPhoneSimulator.ActiveCfg = Release|x86
		{B0E3FD82-79CF-49DF-A265-E046CCFCE3BF}.Release|x64.ActiveCfg = Release|x64
		{B0E3FD82-79CF-49DF-A265-E046CCFCE3BF}.Release|x64.Build.0 = Release|x64
		{B0E3FD82-79CF-49DF-A265-E046CCFCE3BF}.Release|x64.Deploy.0 = Release|x64
		{B0E3FD82-79CF-49DF-A265-E046CCFCE3BF}.Release|x86.ActiveCfg = Release|x86
		{B0E3FD82-79CF-49DF-A265-E046CCFCE3BF}.Release|x86.Build.0 = Release|x86
		{B0E3FD82-79CF-49DF-A265-E046CCFCE3BF}.Release|x86.Deploy.0 = Release|x86
	EndGlobalSection
	GlobalSection(SolutionProperties) = preSolution
		HideSolutionNode = FALSE
	EndGlobalSection
EndGlobal
